
Microsoft Visual Studio Solution File, Format Version 12.00
# Visual Studio 15
VisualStudioVersion = 15.0.28307.1433
MinimumVisualStudioVersion = 10.0.40219.1
Project("{2150E333-8FDC-42A3-9474-1A3956D46DE8}") = "Feature", "Feature", "{0C569F2D-6FC4-4687-BA17-6A27CCF7248B}"
EndProject
Project("{2150E333-8FDC-42A3-9474-1A3956D46DE8}") = "Multisite", "Multisite", "{C0C034D6-F4AA-4E5E-9D78-82AFAC72D1B3}"
EndProject
Project("{FAE04EC0-301F-11D3-BF4B-00C04F79EFBC}") = "Learn.Helix.Feature.Multisite", "src\Feature\Multisite\code\Learn.Helix.Feature.Multisite.csproj", "{C216F500-8532-40C3-944B-8D28A3C3C522}"
EndProject
Project("{FAE04EC0-301F-11D3-BF4B-00C04F79EFBC}") = "Learn.Helix.Feature.Multisite.Test", "src\Feature\Multisite\tests\Learn.Helix.Feature.Multisite.Test.csproj", "{01F09D3C-04A2-41D9-9C53-17C1DBF59111}"
EndProject
Project("{2150E333-8FDC-42A3-9474-1A3956D46DE8}") = "Project", "Project", "{BEC7CA3A-45A1-45F7-A2F8-0FE8474748A7}"
EndProject
Project("{FAE04EC0-301F-11D3-BF4B-00C04F79EFBC}") = "Learn.Helix.Project", "src\Project\code\Learn.Helix.Project.csproj", "{A469224F-1C4C-465C-AE6F-A26E25EA0760}"
EndProject
Project("{2150E333-8FDC-42A3-9474-1A3956D46DE8}") = "Navigation", "Navigation", "{65D9C542-790E-460A-BD87-286E26D7A1B8}"
EndProject
Project("{FAE04EC0-301F-11D3-BF4B-00C04F79EFBC}") = "Learn.Helix.Feature.Navigation", "src\Feature\Navigation\code\Learn.Helix.Feature.Navigation.csproj", "{C6ED0E8F-145B-42B4-8044-5C154EB01B55}"
EndProject
Project("{FAE04EC0-301F-11D3-BF4B-00C04F79EFBC}") = "Learn.Helix.Feature.Navigation.Test", "src\Feature\Navigation\tests\Learn.Helix.Feature.Navigation.Test.csproj", "{81FDCCBC-AAC1-495B-80EF-6895C0AF3609}"
EndProject
Project("{2150E333-8FDC-42A3-9474-1A3956D46DE8}") = "Foundation", "Foundation", "{88A37618-099B-4E81-8F29-1C3FC8E712D0}"
EndProject
Project("{2150E333-8FDC-42A3-9474-1A3956D46DE8}") = "ORM", "ORM", "{50C93150-8F2B-4A13-A854-A1F7336A9E6E}"
EndProject
Project("{FAE04EC0-301F-11D3-BF4B-00C04F79EFBC}") = "Learn.Helix.Foundation.ORM", "src\Foundation\ORM\code\Learn.Helix.Foundation.ORM.csproj", "{8C1C9C05-89EC-4D1C-8C14-C0D9E9FA92B3}"
EndProject
Project("{2150E333-8FDC-42A3-9474-1A3956D46DE8}") = "NoticeBoard", "NoticeBoard", "{816E44E7-8623-4341-B6D2-B260FF95EE64}"
EndProject
Project("{FAE04EC0-301F-11D3-BF4B-00C04F79EFBC}") = "Learn.Helix.Feature.NoticeBoard", "src\Feature\NoticeBoard\code\Learn.Helix.Feature.NoticeBoard.csproj", "{E245FE50-CEF6-40DD-88F6-32AD1F08B7FD}"
EndProject
Project("{FAE04EC0-301F-11D3-BF4B-00C04F79EFBC}") = "Learn.Helix.Feature.NoticeBoard.Test", "src\Feature\NoticeBoard\tests\Learn.Helix.Feature.NoticeBoard.Test.csproj", "{9F75B570-DFC9-4632-AD84-9524DA746824}"
EndProject
Project("{FAE04EC0-301F-11D3-BF4B-00C04F79EFBC}") = "Sitecore.CodeGenerator", "src\Foundation\ORM\Tools\Sitecore.CodeGenerator\Sitecore.CodeGenerator.csproj", "{97696946-CFED-49DB-AB8D-53431E48E3DA}"
EndProject
Project("{2150E333-8FDC-42A3-9474-1A3956D46DE8}") = "DI", "DI", "{8396CB1F-4AF5-4B02-B55D-2F3FEEF1B899}"
EndProject
Project("{FAE04EC0-301F-11D3-BF4B-00C04F79EFBC}") = "Learn.Helix.Foundation.DI", "src\Foundation\DI\code\Learn.Helix.Foundation.DI.csproj", "{EDE20F9F-A0FE-421A-ACC1-56D5F6AB7F9B}"
EndProject
Project("{2150E333-8FDC-42A3-9474-1A3956D46DE8}") = "Testing", "Testing", "{77DFF614-931A-4512-836E-67584DC09EE7}"
EndProject
Project("{fae04ec0-301f-11d3-bf4b-00c04f79efbc}") = "Learn.Helix.Foundation.Testing", "src\Foundation\Testing\code\Learn.Helix.Foundation.Testing.csproj", "{13333C91-1466-49D5-93FA-B9052601A666}"
EndProject
Project("{2150E333-8FDC-42A3-9474-1A3956D46DE8}") = "Product", "Product", "{060D4771-7ECC-42C9-9840-6078015FB979}"
EndProject
Project("{fae04ec0-301f-11d3-bf4b-00c04f79efbc}") = "Learn.Helix.Feature.Product", "src\Feature\Product\code\Learn.Helix.Feature.Product.csproj", "{9C12D851-6280-43CB-B89E-6011331BE9D4}"
EndProject
Project("{FAE04EC0-301F-11D3-BF4B-00C04F79EFBC}") = "Learn.Helix.Feature.Product.Test", "src\Feature\Product\tests\Learn.Helix.Feature.Product.Test.csproj", "{B18454BA-6631-4ED5-B9ED-1F03C28698DF}"
EndProject
Global
	GlobalSection(SolutionConfigurationPlatforms) = preSolution
		Debug|Any CPU = Debug|Any CPU
		Debug|x64 = Debug|x64
		Debug|x86 = Debug|x86
		Release|Any CPU = Release|Any CPU
		Release|x64 = Release|x64
		Release|x86 = Release|x86
		TRANSF-INT-CM|Any CPU = TRANSF-INT-CM|Any CPU
		TRANSF-INT-CM|x64 = TRANSF-INT-CM|x64
		TRANSF-INT-CM|x86 = TRANSF-INT-CM|x86
		TRANSF-PRD-CD01|Any CPU = TRANSF-PRD-CD01|Any CPU
		TRANSF-PRD-CD01|x64 = TRANSF-PRD-CD01|x64
		TRANSF-PRD-CD01|x86 = TRANSF-PRD-CD01|x86
		TRANSF-PRD-CD02|Any CPU = TRANSF-PRD-CD02|Any CPU
		TRANSF-PRD-CD02|x64 = TRANSF-PRD-CD02|x64
		TRANSF-PRD-CD02|x86 = TRANSF-PRD-CD02|x86
		TRANSF-PRD-CM|Any CPU = TRANSF-PRD-CM|Any CPU
		TRANSF-PRD-CM|x64 = TRANSF-PRD-CM|x64
		TRANSF-PRD-CM|x86 = TRANSF-PRD-CM|x86
		TRANSF-QA-CM|Any CPU = TRANSF-QA-CM|Any CPU
		TRANSF-QA-CM|x64 = TRANSF-QA-CM|x64
		TRANSF-QA-CM|x86 = TRANSF-QA-CM|x86
		TRANSF-UAT-CD01|Any CPU = TRANSF-UAT-CD01|Any CPU
		TRANSF-UAT-CD01|x64 = TRANSF-UAT-CD01|x64
		TRANSF-UAT-CD01|x86 = TRANSF-UAT-CD01|x86
		TRANSF-UAT-CD02|Any CPU = TRANSF-UAT-CD02|Any CPU
		TRANSF-UAT-CD02|x64 = TRANSF-UAT-CD02|x64
		TRANSF-UAT-CD02|x86 = TRANSF-UAT-CD02|x86
		TRANSF-UAT-CM|Any CPU = TRANSF-UAT-CM|Any CPU
		TRANSF-UAT-CM|x64 = TRANSF-UAT-CM|x64
		TRANSF-UAT-CM|x86 = TRANSF-UAT-CM|x86
	EndGlobalSection
	GlobalSection(ProjectConfigurationPlatforms) = postSolution
		{C216F500-8532-40C3-944B-8D28A3C3C522}.Debug|Any CPU.ActiveCfg = Debug|Any CPU
		{C216F500-8532-40C3-944B-8D28A3C3C522}.Debug|Any CPU.Build.0 = Debug|Any CPU
		{C216F500-8532-40C3-944B-8D28A3C3C522}.Debug|x64.ActiveCfg = Debug|Any CPU
		{C216F500-8532-40C3-944B-8D28A3C3C522}.Debug|x64.Build.0 = Debug|Any CPU
		{C216F500-8532-40C3-944B-8D28A3C3C522}.Debug|x86.ActiveCfg = Debug|Any CPU
		{C216F500-8532-40C3-944B-8D28A3C3C522}.Debug|x86.Build.0 = Debug|Any CPU
		{C216F500-8532-40C3-944B-8D28A3C3C522}.Release|Any CPU.ActiveCfg = Debug|Any CPU
		{C216F500-8532-40C3-944B-8D28A3C3C522}.Release|Any CPU.Build.0 = Debug|Any CPU
		{C216F500-8532-40C3-944B-8D28A3C3C522}.Release|x64.ActiveCfg = Debug|Any CPU
		{C216F500-8532-40C3-944B-8D28A3C3C522}.Release|x64.Build.0 = Debug|Any CPU
		{C216F500-8532-40C3-944B-8D28A3C3C522}.Release|x86.ActiveCfg = Debug|Any CPU
		{C216F500-8532-40C3-944B-8D28A3C3C522}.Release|x86.Build.0 = Debug|Any CPU
		{C216F500-8532-40C3-944B-8D28A3C3C522}.TRANSF-INT-CM|Any CPU.ActiveCfg = Release|Any CPU
		{C216F500-8532-40C3-944B-8D28A3C3C522}.TRANSF-INT-CM|Any CPU.Build.0 = Release|Any CPU
		{C216F500-8532-40C3-944B-8D28A3C3C522}.TRANSF-INT-CM|x64.ActiveCfg = Release|Any CPU
		{C216F500-8532-40C3-944B-8D28A3C3C522}.TRANSF-INT-CM|x64.Build.0 = Release|Any CPU
		{C216F500-8532-40C3-944B-8D28A3C3C522}.TRANSF-INT-CM|x86.ActiveCfg = Release|Any CPU
		{C216F500-8532-40C3-944B-8D28A3C3C522}.TRANSF-INT-CM|x86.Build.0 = Release|Any CPU
		{C216F500-8532-40C3-944B-8D28A3C3C522}.TRANSF-PRD-CD01|Any CPU.ActiveCfg = Release|Any CPU
		{C216F500-8532-40C3-944B-8D28A3C3C522}.TRANSF-PRD-CD01|Any CPU.Build.0 = Release|Any CPU
		{C216F500-8532-40C3-944B-8D28A3C3C522}.TRANSF-PRD-CD01|x64.ActiveCfg = Release|Any CPU
		{C216F500-8532-40C3-944B-8D28A3C3C522}.TRANSF-PRD-CD01|x64.Build.0 = Release|Any CPU
		{C216F500-8532-40C3-944B-8D28A3C3C522}.TRANSF-PRD-CD01|x86.ActiveCfg = Release|Any CPU
		{C216F500-8532-40C3-944B-8D28A3C3C522}.TRANSF-PRD-CD01|x86.Build.0 = Release|Any CPU
		{C216F500-8532-40C3-944B-8D28A3C3C522}.TRANSF-PRD-CD02|Any CPU.ActiveCfg = Release|Any CPU
		{C216F500-8532-40C3-944B-8D28A3C3C522}.TRANSF-PRD-CD02|Any CPU.Build.0 = Release|Any CPU
		{C216F500-8532-40C3-944B-8D28A3C3C522}.TRANSF-PRD-CD02|x64.ActiveCfg = Release|Any CPU
		{C216F500-8532-40C3-944B-8D28A3C3C522}.TRANSF-PRD-CD02|x64.Build.0 = Release|Any CPU
		{C216F500-8532-40C3-944B-8D28A3C3C522}.TRANSF-PRD-CD02|x86.ActiveCfg = Release|Any CPU
		{C216F500-8532-40C3-944B-8D28A3C3C522}.TRANSF-PRD-CD02|x86.Build.0 = Release|Any CPU
		{C216F500-8532-40C3-944B-8D28A3C3C522}.TRANSF-PRD-CM|Any CPU.ActiveCfg = Release|Any CPU
		{C216F500-8532-40C3-944B-8D28A3C3C522}.TRANSF-PRD-CM|Any CPU.Build.0 = Release|Any CPU
		{C216F500-8532-40C3-944B-8D28A3C3C522}.TRANSF-PRD-CM|x64.ActiveCfg = Release|Any CPU
		{C216F500-8532-40C3-944B-8D28A3C3C522}.TRANSF-PRD-CM|x64.Build.0 = Release|Any CPU
		{C216F500-8532-40C3-944B-8D28A3C3C522}.TRANSF-PRD-CM|x86.ActiveCfg = Release|Any CPU
		{C216F500-8532-40C3-944B-8D28A3C3C522}.TRANSF-PRD-CM|x86.Build.0 = Release|Any CPU
		{C216F500-8532-40C3-944B-8D28A3C3C522}.TRANSF-QA-CM|Any CPU.ActiveCfg = Release|Any CPU
		{C216F500-8532-40C3-944B-8D28A3C3C522}.TRANSF-QA-CM|Any CPU.Build.0 = Release|Any CPU
		{C216F500-8532-40C3-944B-8D28A3C3C522}.TRANSF-QA-CM|x64.ActiveCfg = Release|Any CPU
		{C216F500-8532-40C3-944B-8D28A3C3C522}.TRANSF-QA-CM|x64.Build.0 = Release|Any CPU
		{C216F500-8532-40C3-944B-8D28A3C3C522}.TRANSF-QA-CM|x86.ActiveCfg = Release|Any CPU
		{C216F500-8532-40C3-944B-8D28A3C3C522}.TRANSF-QA-CM|x86.Build.0 = Release|Any CPU
		{C216F500-8532-40C3-944B-8D28A3C3C522}.TRANSF-UAT-CD01|Any CPU.ActiveCfg = Release|Any CPU
		{C216F500-8532-40C3-944B-8D28A3C3C522}.TRANSF-UAT-CD01|Any CPU.Build.0 = Release|Any CPU
		{C216F500-8532-40C3-944B-8D28A3C3C522}.TRANSF-UAT-CD01|x64.ActiveCfg = Release|Any CPU
		{C216F500-8532-40C3-944B-8D28A3C3C522}.TRANSF-UAT-CD01|x64.Build.0 = Release|Any CPU
		{C216F500-8532-40C3-944B-8D28A3C3C522}.TRANSF-UAT-CD01|x86.ActiveCfg = Release|Any CPU
		{C216F500-8532-40C3-944B-8D28A3C3C522}.TRANSF-UAT-CD01|x86.Build.0 = Release|Any CPU
		{C216F500-8532-40C3-944B-8D28A3C3C522}.TRANSF-UAT-CD02|Any CPU.ActiveCfg = Release|Any CPU
		{C216F500-8532-40C3-944B-8D28A3C3C522}.TRANSF-UAT-CD02|Any CPU.Build.0 = Release|Any CPU
		{C216F500-8532-40C3-944B-8D28A3C3C522}.TRANSF-UAT-CD02|x64.ActiveCfg = Release|Any CPU
		{C216F500-8532-40C3-944B-8D28A3C3C522}.TRANSF-UAT-CD02|x64.Build.0 = Release|Any CPU
		{C216F500-8532-40C3-944B-8D28A3C3C522}.TRANSF-UAT-CD02|x86.ActiveCfg = Release|Any CPU
		{C216F500-8532-40C3-944B-8D28A3C3C522}.TRANSF-UAT-CD02|x86.Build.0 = Release|Any CPU
		{C216F500-8532-40C3-944B-8D28A3C3C522}.TRANSF-UAT-CM|Any CPU.ActiveCfg = Release|Any CPU
		{C216F500-8532-40C3-944B-8D28A3C3C522}.TRANSF-UAT-CM|Any CPU.Build.0 = Release|Any CPU
		{C216F500-8532-40C3-944B-8D28A3C3C522}.TRANSF-UAT-CM|x64.ActiveCfg = Release|Any CPU
		{C216F500-8532-40C3-944B-8D28A3C3C522}.TRANSF-UAT-CM|x64.Build.0 = Release|Any CPU
		{C216F500-8532-40C3-944B-8D28A3C3C522}.TRANSF-UAT-CM|x86.ActiveCfg = Release|Any CPU
		{C216F500-8532-40C3-944B-8D28A3C3C522}.TRANSF-UAT-CM|x86.Build.0 = Release|Any CPU
		{01F09D3C-04A2-41D9-9C53-17C1DBF59111}.Debug|Any CPU.ActiveCfg = Debug|Any CPU
		{01F09D3C-04A2-41D9-9C53-17C1DBF59111}.Debug|Any CPU.Build.0 = Debug|Any CPU
		{01F09D3C-04A2-41D9-9C53-17C1DBF59111}.Debug|x64.ActiveCfg = Debug|Any CPU
		{01F09D3C-04A2-41D9-9C53-17C1DBF59111}.Debug|x64.Build.0 = Debug|Any CPU
		{01F09D3C-04A2-41D9-9C53-17C1DBF59111}.Debug|x86.ActiveCfg = Debug|Any CPU
		{01F09D3C-04A2-41D9-9C53-17C1DBF59111}.Debug|x86.Build.0 = Debug|Any CPU
		{01F09D3C-04A2-41D9-9C53-17C1DBF59111}.Release|Any CPU.ActiveCfg = Debug|Any CPU
		{01F09D3C-04A2-41D9-9C53-17C1DBF59111}.Release|Any CPU.Build.0 = Debug|Any CPU
		{01F09D3C-04A2-41D9-9C53-17C1DBF59111}.Release|x64.ActiveCfg = Debug|Any CPU
		{01F09D3C-04A2-41D9-9C53-17C1DBF59111}.Release|x64.Build.0 = Debug|Any CPU
		{01F09D3C-04A2-41D9-9C53-17C1DBF59111}.Release|x86.ActiveCfg = Debug|Any CPU
		{01F09D3C-04A2-41D9-9C53-17C1DBF59111}.Release|x86.Build.0 = Debug|Any CPU
		{01F09D3C-04A2-41D9-9C53-17C1DBF59111}.TRANSF-INT-CM|Any CPU.ActiveCfg = Release|Any CPU
		{01F09D3C-04A2-41D9-9C53-17C1DBF59111}.TRANSF-INT-CM|Any CPU.Build.0 = Release|Any CPU
		{01F09D3C-04A2-41D9-9C53-17C1DBF59111}.TRANSF-INT-CM|x64.ActiveCfg = Release|Any CPU
		{01F09D3C-04A2-41D9-9C53-17C1DBF59111}.TRANSF-INT-CM|x64.Build.0 = Release|Any CPU
		{01F09D3C-04A2-41D9-9C53-17C1DBF59111}.TRANSF-INT-CM|x86.ActiveCfg = Release|Any CPU
		{01F09D3C-04A2-41D9-9C53-17C1DBF59111}.TRANSF-INT-CM|x86.Build.0 = Release|Any CPU
		{01F09D3C-04A2-41D9-9C53-17C1DBF59111}.TRANSF-PRD-CD01|Any CPU.ActiveCfg = Release|Any CPU
		{01F09D3C-04A2-41D9-9C53-17C1DBF59111}.TRANSF-PRD-CD01|Any CPU.Build.0 = Release|Any CPU
		{01F09D3C-04A2-41D9-9C53-17C1DBF59111}.TRANSF-PRD-CD01|x64.ActiveCfg = Release|Any CPU
		{01F09D3C-04A2-41D9-9C53-17C1DBF59111}.TRANSF-PRD-CD01|x64.Build.0 = Release|Any CPU
		{01F09D3C-04A2-41D9-9C53-17C1DBF59111}.TRANSF-PRD-CD01|x86.ActiveCfg = Release|Any CPU
		{01F09D3C-04A2-41D9-9C53-17C1DBF59111}.TRANSF-PRD-CD01|x86.Build.0 = Release|Any CPU
		{01F09D3C-04A2-41D9-9C53-17C1DBF59111}.TRANSF-PRD-CD02|Any CPU.ActiveCfg = Release|Any CPU
		{01F09D3C-04A2-41D9-9C53-17C1DBF59111}.TRANSF-PRD-CD02|Any CPU.Build.0 = Release|Any CPU
		{01F09D3C-04A2-41D9-9C53-17C1DBF59111}.TRANSF-PRD-CD02|x64.ActiveCfg = Release|Any CPU
		{01F09D3C-04A2-41D9-9C53-17C1DBF59111}.TRANSF-PRD-CD02|x64.Build.0 = Release|Any CPU
		{01F09D3C-04A2-41D9-9C53-17C1DBF59111}.TRANSF-PRD-CD02|x86.ActiveCfg = Release|Any CPU
		{01F09D3C-04A2-41D9-9C53-17C1DBF59111}.TRANSF-PRD-CD02|x86.Build.0 = Release|Any CPU
		{01F09D3C-04A2-41D9-9C53-17C1DBF59111}.TRANSF-PRD-CM|Any CPU.ActiveCfg = Release|Any CPU
		{01F09D3C-04A2-41D9-9C53-17C1DBF59111}.TRANSF-PRD-CM|Any CPU.Build.0 = Release|Any CPU
		{01F09D3C-04A2-41D9-9C53-17C1DBF59111}.TRANSF-PRD-CM|x64.ActiveCfg = Release|Any CPU
		{01F09D3C-04A2-41D9-9C53-17C1DBF59111}.TRANSF-PRD-CM|x64.Build.0 = Release|Any CPU
		{01F09D3C-04A2-41D9-9C53-17C1DBF59111}.TRANSF-PRD-CM|x86.ActiveCfg = Release|Any CPU
		{01F09D3C-04A2-41D9-9C53-17C1DBF59111}.TRANSF-PRD-CM|x86.Build.0 = Release|Any CPU
		{01F09D3C-04A2-41D9-9C53-17C1DBF59111}.TRANSF-QA-CM|Any CPU.ActiveCfg = Release|Any CPU
		{01F09D3C-04A2-41D9-9C53-17C1DBF59111}.TRANSF-QA-CM|Any CPU.Build.0 = Release|Any CPU
		{01F09D3C-04A2-41D9-9C53-17C1DBF59111}.TRANSF-QA-CM|x64.ActiveCfg = Release|Any CPU
		{01F09D3C-04A2-41D9-9C53-17C1DBF59111}.TRANSF-QA-CM|x64.Build.0 = Release|Any CPU
		{01F09D3C-04A2-41D9-9C53-17C1DBF59111}.TRANSF-QA-CM|x86.ActiveCfg = Release|Any CPU
		{01F09D3C-04A2-41D9-9C53-17C1DBF59111}.TRANSF-QA-CM|x86.Build.0 = Release|Any CPU
		{01F09D3C-04A2-41D9-9C53-17C1DBF59111}.TRANSF-UAT-CD01|Any CPU.ActiveCfg = Release|Any CPU
		{01F09D3C-04A2-41D9-9C53-17C1DBF59111}.TRANSF-UAT-CD01|Any CPU.Build.0 = Release|Any CPU
		{01F09D3C-04A2-41D9-9C53-17C1DBF59111}.TRANSF-UAT-CD01|x64.ActiveCfg = Release|Any CPU
		{01F09D3C-04A2-41D9-9C53-17C1DBF59111}.TRANSF-UAT-CD01|x64.Build.0 = Release|Any CPU
		{01F09D3C-04A2-41D9-9C53-17C1DBF59111}.TRANSF-UAT-CD01|x86.ActiveCfg = Release|Any CPU
		{01F09D3C-04A2-41D9-9C53-17C1DBF59111}.TRANSF-UAT-CD01|x86.Build.0 = Release|Any CPU
		{01F09D3C-04A2-41D9-9C53-17C1DBF59111}.TRANSF-UAT-CD02|Any CPU.ActiveCfg = Release|Any CPU
		{01F09D3C-04A2-41D9-9C53-17C1DBF59111}.TRANSF-UAT-CD02|Any CPU.Build.0 = Release|Any CPU
		{01F09D3C-04A2-41D9-9C53-17C1DBF59111}.TRANSF-UAT-CD02|x64.ActiveCfg = Release|Any CPU
		{01F09D3C-04A2-41D9-9C53-17C1DBF59111}.TRANSF-UAT-CD02|x64.Build.0 = Release|Any CPU
		{01F09D3C-04A2-41D9-9C53-17C1DBF59111}.TRANSF-UAT-CD02|x86.ActiveCfg = Release|Any CPU
		{01F09D3C-04A2-41D9-9C53-17C1DBF59111}.TRANSF-UAT-CD02|x86.Build.0 = Release|Any CPU
		{01F09D3C-04A2-41D9-9C53-17C1DBF59111}.TRANSF-UAT-CM|Any CPU.ActiveCfg = Release|Any CPU
		{01F09D3C-04A2-41D9-9C53-17C1DBF59111}.TRANSF-UAT-CM|Any CPU.Build.0 = Release|Any CPU
		{01F09D3C-04A2-41D9-9C53-17C1DBF59111}.TRANSF-UAT-CM|x64.ActiveCfg = Release|Any CPU
		{01F09D3C-04A2-41D9-9C53-17C1DBF59111}.TRANSF-UAT-CM|x64.Build.0 = Release|Any CPU
		{01F09D3C-04A2-41D9-9C53-17C1DBF59111}.TRANSF-UAT-CM|x86.ActiveCfg = Release|Any CPU
		{01F09D3C-04A2-41D9-9C53-17C1DBF59111}.TRANSF-UAT-CM|x86.Build.0 = Release|Any CPU
		{A469224F-1C4C-465C-AE6F-A26E25EA0760}.Debug|Any CPU.ActiveCfg = Debug|Any CPU
		{A469224F-1C4C-465C-AE6F-A26E25EA0760}.Debug|Any CPU.Build.0 = Debug|Any CPU
		{A469224F-1C4C-465C-AE6F-A26E25EA0760}.Debug|x64.ActiveCfg = Debug|Any CPU
		{A469224F-1C4C-465C-AE6F-A26E25EA0760}.Debug|x64.Build.0 = Debug|Any CPU
		{A469224F-1C4C-465C-AE6F-A26E25EA0760}.Debug|x86.ActiveCfg = Debug|Any CPU
		{A469224F-1C4C-465C-AE6F-A26E25EA0760}.Debug|x86.Build.0 = Debug|Any CPU
		{A469224F-1C4C-465C-AE6F-A26E25EA0760}.Release|Any CPU.ActiveCfg = Release|Any CPU
		{A469224F-1C4C-465C-AE6F-A26E25EA0760}.Release|Any CPU.Build.0 = Release|Any CPU
		{A469224F-1C4C-465C-AE6F-A26E25EA0760}.Release|x64.ActiveCfg = Release|Any CPU
		{A469224F-1C4C-465C-AE6F-A26E25EA0760}.Release|x64.Build.0 = Release|Any CPU
		{A469224F-1C4C-465C-AE6F-A26E25EA0760}.Release|x86.ActiveCfg = Release|Any CPU
		{A469224F-1C4C-465C-AE6F-A26E25EA0760}.Release|x86.Build.0 = Release|Any CPU
		{A469224F-1C4C-465C-AE6F-A26E25EA0760}.TRANSF-INT-CM|Any CPU.ActiveCfg = Release|Any CPU
		{A469224F-1C4C-465C-AE6F-A26E25EA0760}.TRANSF-INT-CM|Any CPU.Build.0 = Release|Any CPU
		{A469224F-1C4C-465C-AE6F-A26E25EA0760}.TRANSF-INT-CM|x64.ActiveCfg = Release|Any CPU
		{A469224F-1C4C-465C-AE6F-A26E25EA0760}.TRANSF-INT-CM|x64.Build.0 = Release|Any CPU
		{A469224F-1C4C-465C-AE6F-A26E25EA0760}.TRANSF-INT-CM|x86.ActiveCfg = Release|Any CPU
		{A469224F-1C4C-465C-AE6F-A26E25EA0760}.TRANSF-INT-CM|x86.Build.0 = Release|Any CPU
		{A469224F-1C4C-465C-AE6F-A26E25EA0760}.TRANSF-PRD-CD01|Any CPU.ActiveCfg = Release|Any CPU
		{A469224F-1C4C-465C-AE6F-A26E25EA0760}.TRANSF-PRD-CD01|Any CPU.Build.0 = Release|Any CPU
		{A469224F-1C4C-465C-AE6F-A26E25EA0760}.TRANSF-PRD-CD01|x64.ActiveCfg = Release|Any CPU
		{A469224F-1C4C-465C-AE6F-A26E25EA0760}.TRANSF-PRD-CD01|x64.Build.0 = Release|Any CPU
		{A469224F-1C4C-465C-AE6F-A26E25EA0760}.TRANSF-PRD-CD01|x86.ActiveCfg = Release|Any CPU
		{A469224F-1C4C-465C-AE6F-A26E25EA0760}.TRANSF-PRD-CD01|x86.Build.0 = Release|Any CPU
		{A469224F-1C4C-465C-AE6F-A26E25EA0760}.TRANSF-PRD-CD02|Any CPU.ActiveCfg = Release|Any CPU
		{A469224F-1C4C-465C-AE6F-A26E25EA0760}.TRANSF-PRD-CD02|Any CPU.Build.0 = Release|Any CPU
		{A469224F-1C4C-465C-AE6F-A26E25EA0760}.TRANSF-PRD-CD02|x64.ActiveCfg = Release|Any CPU
		{A469224F-1C4C-465C-AE6F-A26E25EA0760}.TRANSF-PRD-CD02|x64.Build.0 = Release|Any CPU
		{A469224F-1C4C-465C-AE6F-A26E25EA0760}.TRANSF-PRD-CD02|x86.ActiveCfg = Release|Any CPU
		{A469224F-1C4C-465C-AE6F-A26E25EA0760}.TRANSF-PRD-CD02|x86.Build.0 = Release|Any CPU
		{A469224F-1C4C-465C-AE6F-A26E25EA0760}.TRANSF-PRD-CM|Any CPU.ActiveCfg = Release|Any CPU
		{A469224F-1C4C-465C-AE6F-A26E25EA0760}.TRANSF-PRD-CM|Any CPU.Build.0 = Release|Any CPU
		{A469224F-1C4C-465C-AE6F-A26E25EA0760}.TRANSF-PRD-CM|x64.ActiveCfg = Release|Any CPU
		{A469224F-1C4C-465C-AE6F-A26E25EA0760}.TRANSF-PRD-CM|x64.Build.0 = Release|Any CPU
		{A469224F-1C4C-465C-AE6F-A26E25EA0760}.TRANSF-PRD-CM|x86.ActiveCfg = Release|Any CPU
		{A469224F-1C4C-465C-AE6F-A26E25EA0760}.TRANSF-PRD-CM|x86.Build.0 = Release|Any CPU
		{A469224F-1C4C-465C-AE6F-A26E25EA0760}.TRANSF-QA-CM|Any CPU.ActiveCfg = Release|Any CPU
		{A469224F-1C4C-465C-AE6F-A26E25EA0760}.TRANSF-QA-CM|Any CPU.Build.0 = Release|Any CPU
		{A469224F-1C4C-465C-AE6F-A26E25EA0760}.TRANSF-QA-CM|x64.ActiveCfg = Release|Any CPU
		{A469224F-1C4C-465C-AE6F-A26E25EA0760}.TRANSF-QA-CM|x64.Build.0 = Release|Any CPU
		{A469224F-1C4C-465C-AE6F-A26E25EA0760}.TRANSF-QA-CM|x86.ActiveCfg = Release|Any CPU
		{A469224F-1C4C-465C-AE6F-A26E25EA0760}.TRANSF-QA-CM|x86.Build.0 = Release|Any CPU
		{A469224F-1C4C-465C-AE6F-A26E25EA0760}.TRANSF-UAT-CD01|Any CPU.ActiveCfg = Release|Any CPU
		{A469224F-1C4C-465C-AE6F-A26E25EA0760}.TRANSF-UAT-CD01|Any CPU.Build.0 = Release|Any CPU
		{A469224F-1C4C-465C-AE6F-A26E25EA0760}.TRANSF-UAT-CD01|x64.ActiveCfg = Release|Any CPU
		{A469224F-1C4C-465C-AE6F-A26E25EA0760}.TRANSF-UAT-CD01|x64.Build.0 = Release|Any CPU
		{A469224F-1C4C-465C-AE6F-A26E25EA0760}.TRANSF-UAT-CD01|x86.ActiveCfg = Release|Any CPU
		{A469224F-1C4C-465C-AE6F-A26E25EA0760}.TRANSF-UAT-CD01|x86.Build.0 = Release|Any CPU
		{A469224F-1C4C-465C-AE6F-A26E25EA0760}.TRANSF-UAT-CD02|Any CPU.ActiveCfg = Release|Any CPU
		{A469224F-1C4C-465C-AE6F-A26E25EA0760}.TRANSF-UAT-CD02|Any CPU.Build.0 = Release|Any CPU
		{A469224F-1C4C-465C-AE6F-A26E25EA0760}.TRANSF-UAT-CD02|x64.ActiveCfg = Release|Any CPU
		{A469224F-1C4C-465C-AE6F-A26E25EA0760}.TRANSF-UAT-CD02|x64.Build.0 = Release|Any CPU
		{A469224F-1C4C-465C-AE6F-A26E25EA0760}.TRANSF-UAT-CD02|x86.ActiveCfg = Release|Any CPU
		{A469224F-1C4C-465C-AE6F-A26E25EA0760}.TRANSF-UAT-CD02|x86.Build.0 = Release|Any CPU
		{A469224F-1C4C-465C-AE6F-A26E25EA0760}.TRANSF-UAT-CM|Any CPU.ActiveCfg = Release|Any CPU
		{A469224F-1C4C-465C-AE6F-A26E25EA0760}.TRANSF-UAT-CM|Any CPU.Build.0 = Release|Any CPU
		{A469224F-1C4C-465C-AE6F-A26E25EA0760}.TRANSF-UAT-CM|x64.ActiveCfg = Release|Any CPU
		{A469224F-1C4C-465C-AE6F-A26E25EA0760}.TRANSF-UAT-CM|x64.Build.0 = Release|Any CPU
		{A469224F-1C4C-465C-AE6F-A26E25EA0760}.TRANSF-UAT-CM|x86.ActiveCfg = Release|Any CPU
		{A469224F-1C4C-465C-AE6F-A26E25EA0760}.TRANSF-UAT-CM|x86.Build.0 = Release|Any CPU
		{C6ED0E8F-145B-42B4-8044-5C154EB01B55}.Debug|Any CPU.ActiveCfg = Debug|Any CPU
		{C6ED0E8F-145B-42B4-8044-5C154EB01B55}.Debug|Any CPU.Build.0 = Debug|Any CPU
		{C6ED0E8F-145B-42B4-8044-5C154EB01B55}.Debug|x64.ActiveCfg = Debug|Any CPU
		{C6ED0E8F-145B-42B4-8044-5C154EB01B55}.Debug|x64.Build.0 = Debug|Any CPU
		{C6ED0E8F-145B-42B4-8044-5C154EB01B55}.Debug|x86.ActiveCfg = Debug|Any CPU
		{C6ED0E8F-145B-42B4-8044-5C154EB01B55}.Debug|x86.Build.0 = Debug|Any CPU
		{C6ED0E8F-145B-42B4-8044-5C154EB01B55}.Release|Any CPU.ActiveCfg = Debug|Any CPU
		{C6ED0E8F-145B-42B4-8044-5C154EB01B55}.Release|Any CPU.Build.0 = Debug|Any CPU
		{C6ED0E8F-145B-42B4-8044-5C154EB01B55}.Release|x64.ActiveCfg = Debug|Any CPU
		{C6ED0E8F-145B-42B4-8044-5C154EB01B55}.Release|x64.Build.0 = Debug|Any CPU
		{C6ED0E8F-145B-42B4-8044-5C154EB01B55}.Release|x86.ActiveCfg = Debug|Any CPU
		{C6ED0E8F-145B-42B4-8044-5C154EB01B55}.Release|x86.Build.0 = Debug|Any CPU
		{C6ED0E8F-145B-42B4-8044-5C154EB01B55}.TRANSF-INT-CM|Any CPU.ActiveCfg = Release|Any CPU
		{C6ED0E8F-145B-42B4-8044-5C154EB01B55}.TRANSF-INT-CM|Any CPU.Build.0 = Release|Any CPU
		{C6ED0E8F-145B-42B4-8044-5C154EB01B55}.TRANSF-INT-CM|x64.ActiveCfg = Release|Any CPU
		{C6ED0E8F-145B-42B4-8044-5C154EB01B55}.TRANSF-INT-CM|x64.Build.0 = Release|Any CPU
		{C6ED0E8F-145B-42B4-8044-5C154EB01B55}.TRANSF-INT-CM|x86.ActiveCfg = Release|Any CPU
		{C6ED0E8F-145B-42B4-8044-5C154EB01B55}.TRANSF-INT-CM|x86.Build.0 = Release|Any CPU
		{C6ED0E8F-145B-42B4-8044-5C154EB01B55}.TRANSF-PRD-CD01|Any CPU.ActiveCfg = Release|Any CPU
		{C6ED0E8F-145B-42B4-8044-5C154EB01B55}.TRANSF-PRD-CD01|Any CPU.Build.0 = Release|Any CPU
		{C6ED0E8F-145B-42B4-8044-5C154EB01B55}.TRANSF-PRD-CD01|x64.ActiveCfg = Release|Any CPU
		{C6ED0E8F-145B-42B4-8044-5C154EB01B55}.TRANSF-PRD-CD01|x64.Build.0 = Release|Any CPU
		{C6ED0E8F-145B-42B4-8044-5C154EB01B55}.TRANSF-PRD-CD01|x86.ActiveCfg = Release|Any CPU
		{C6ED0E8F-145B-42B4-8044-5C154EB01B55}.TRANSF-PRD-CD01|x86.Build.0 = Release|Any CPU
		{C6ED0E8F-145B-42B4-8044-5C154EB01B55}.TRANSF-PRD-CD02|Any CPU.ActiveCfg = Release|Any CPU
		{C6ED0E8F-145B-42B4-8044-5C154EB01B55}.TRANSF-PRD-CD02|Any CPU.Build.0 = Release|Any CPU
		{C6ED0E8F-145B-42B4-8044-5C154EB01B55}.TRANSF-PRD-CD02|x64.ActiveCfg = Release|Any CPU
		{C6ED0E8F-145B-42B4-8044-5C154EB01B55}.TRANSF-PRD-CD02|x64.Build.0 = Release|Any CPU
		{C6ED0E8F-145B-42B4-8044-5C154EB01B55}.TRANSF-PRD-CD02|x86.ActiveCfg = Release|Any CPU
		{C6ED0E8F-145B-42B4-8044-5C154EB01B55}.TRANSF-PRD-CD02|x86.Build.0 = Release|Any CPU
		{C6ED0E8F-145B-42B4-8044-5C154EB01B55}.TRANSF-PRD-CM|Any CPU.ActiveCfg = Release|Any CPU
		{C6ED0E8F-145B-42B4-8044-5C154EB01B55}.TRANSF-PRD-CM|Any CPU.Build.0 = Release|Any CPU
		{C6ED0E8F-145B-42B4-8044-5C154EB01B55}.TRANSF-PRD-CM|x64.ActiveCfg = Release|Any CPU
		{C6ED0E8F-145B-42B4-8044-5C154EB01B55}.TRANSF-PRD-CM|x64.Build.0 = Release|Any CPU
		{C6ED0E8F-145B-42B4-8044-5C154EB01B55}.TRANSF-PRD-CM|x86.ActiveCfg = Release|Any CPU
		{C6ED0E8F-145B-42B4-8044-5C154EB01B55}.TRANSF-PRD-CM|x86.Build.0 = Release|Any CPU
		{C6ED0E8F-145B-42B4-8044-5C154EB01B55}.TRANSF-QA-CM|Any CPU.ActiveCfg = Release|Any CPU
		{C6ED0E8F-145B-42B4-8044-5C154EB01B55}.TRANSF-QA-CM|Any CPU.Build.0 = Release|Any CPU
		{C6ED0E8F-145B-42B4-8044-5C154EB01B55}.TRANSF-QA-CM|x64.ActiveCfg = Release|Any CPU
		{C6ED0E8F-145B-42B4-8044-5C154EB01B55}.TRANSF-QA-CM|x64.Build.0 = Release|Any CPU
		{C6ED0E8F-145B-42B4-8044-5C154EB01B55}.TRANSF-QA-CM|x86.ActiveCfg = Release|Any CPU
		{C6ED0E8F-145B-42B4-8044-5C154EB01B55}.TRANSF-QA-CM|x86.Build.0 = Release|Any CPU
		{C6ED0E8F-145B-42B4-8044-5C154EB01B55}.TRANSF-UAT-CD01|Any CPU.ActiveCfg = Release|Any CPU
		{C6ED0E8F-145B-42B4-8044-5C154EB01B55}.TRANSF-UAT-CD01|Any CPU.Build.0 = Release|Any CPU
		{C6ED0E8F-145B-42B4-8044-5C154EB01B55}.TRANSF-UAT-CD01|x64.ActiveCfg = Release|Any CPU
		{C6ED0E8F-145B-42B4-8044-5C154EB01B55}.TRANSF-UAT-CD01|x64.Build.0 = Release|Any CPU
		{C6ED0E8F-145B-42B4-8044-5C154EB01B55}.TRANSF-UAT-CD01|x86.ActiveCfg = Release|Any CPU
		{C6ED0E8F-145B-42B4-8044-5C154EB01B55}.TRANSF-UAT-CD01|x86.Build.0 = Release|Any CPU
		{C6ED0E8F-145B-42B4-8044-5C154EB01B55}.TRANSF-UAT-CD02|Any CPU.ActiveCfg = Release|Any CPU
		{C6ED0E8F-145B-42B4-8044-5C154EB01B55}.TRANSF-UAT-CD02|Any CPU.Build.0 = Release|Any CPU
		{C6ED0E8F-145B-42B4-8044-5C154EB01B55}.TRANSF-UAT-CD02|x64.ActiveCfg = Release|Any CPU
		{C6ED0E8F-145B-42B4-8044-5C154EB01B55}.TRANSF-UAT-CD02|x64.Build.0 = Release|Any CPU
		{C6ED0E8F-145B-42B4-8044-5C154EB01B55}.TRANSF-UAT-CD02|x86.ActiveCfg = Release|Any CPU
		{C6ED0E8F-145B-42B4-8044-5C154EB01B55}.TRANSF-UAT-CD02|x86.Build.0 = Release|Any CPU
		{C6ED0E8F-145B-42B4-8044-5C154EB01B55}.TRANSF-UAT-CM|Any CPU.ActiveCfg = Release|Any CPU
		{C6ED0E8F-145B-42B4-8044-5C154EB01B55}.TRANSF-UAT-CM|Any CPU.Build.0 = Release|Any CPU
		{C6ED0E8F-145B-42B4-8044-5C154EB01B55}.TRANSF-UAT-CM|x64.ActiveCfg = Release|Any CPU
		{C6ED0E8F-145B-42B4-8044-5C154EB01B55}.TRANSF-UAT-CM|x64.Build.0 = Release|Any CPU
		{C6ED0E8F-145B-42B4-8044-5C154EB01B55}.TRANSF-UAT-CM|x86.ActiveCfg = Release|Any CPU
		{C6ED0E8F-145B-42B4-8044-5C154EB01B55}.TRANSF-UAT-CM|x86.Build.0 = Release|Any CPU
		{81FDCCBC-AAC1-495B-80EF-6895C0AF3609}.Debug|Any CPU.ActiveCfg = Debug|Any CPU
		{81FDCCBC-AAC1-495B-80EF-6895C0AF3609}.Debug|Any CPU.Build.0 = Debug|Any CPU
		{81FDCCBC-AAC1-495B-80EF-6895C0AF3609}.Debug|x64.ActiveCfg = Debug|Any CPU
		{81FDCCBC-AAC1-495B-80EF-6895C0AF3609}.Debug|x64.Build.0 = Debug|Any CPU
		{81FDCCBC-AAC1-495B-80EF-6895C0AF3609}.Debug|x86.ActiveCfg = Debug|Any CPU
		{81FDCCBC-AAC1-495B-80EF-6895C0AF3609}.Debug|x86.Build.0 = Debug|Any CPU
		{81FDCCBC-AAC1-495B-80EF-6895C0AF3609}.Release|Any CPU.ActiveCfg = Debug|Any CPU
		{81FDCCBC-AAC1-495B-80EF-6895C0AF3609}.Release|Any CPU.Build.0 = Debug|Any CPU
		{81FDCCBC-AAC1-495B-80EF-6895C0AF3609}.Release|x64.ActiveCfg = Debug|Any CPU
		{81FDCCBC-AAC1-495B-80EF-6895C0AF3609}.Release|x64.Build.0 = Debug|Any CPU
		{81FDCCBC-AAC1-495B-80EF-6895C0AF3609}.Release|x86.ActiveCfg = Debug|Any CPU
		{81FDCCBC-AAC1-495B-80EF-6895C0AF3609}.Release|x86.Build.0 = Debug|Any CPU
		{81FDCCBC-AAC1-495B-80EF-6895C0AF3609}.TRANSF-INT-CM|Any CPU.ActiveCfg = Release|Any CPU
		{81FDCCBC-AAC1-495B-80EF-6895C0AF3609}.TRANSF-INT-CM|Any CPU.Build.0 = Release|Any CPU
		{81FDCCBC-AAC1-495B-80EF-6895C0AF3609}.TRANSF-INT-CM|x64.ActiveCfg = Release|Any CPU
		{81FDCCBC-AAC1-495B-80EF-6895C0AF3609}.TRANSF-INT-CM|x64.Build.0 = Release|Any CPU
		{81FDCCBC-AAC1-495B-80EF-6895C0AF3609}.TRANSF-INT-CM|x86.ActiveCfg = Release|Any CPU
		{81FDCCBC-AAC1-495B-80EF-6895C0AF3609}.TRANSF-INT-CM|x86.Build.0 = Release|Any CPU
		{81FDCCBC-AAC1-495B-80EF-6895C0AF3609}.TRANSF-PRD-CD01|Any CPU.ActiveCfg = Release|Any CPU
		{81FDCCBC-AAC1-495B-80EF-6895C0AF3609}.TRANSF-PRD-CD01|Any CPU.Build.0 = Release|Any CPU
		{81FDCCBC-AAC1-495B-80EF-6895C0AF3609}.TRANSF-PRD-CD01|x64.ActiveCfg = Release|Any CPU
		{81FDCCBC-AAC1-495B-80EF-6895C0AF3609}.TRANSF-PRD-CD01|x64.Build.0 = Release|Any CPU
		{81FDCCBC-AAC1-495B-80EF-6895C0AF3609}.TRANSF-PRD-CD01|x86.ActiveCfg = Release|Any CPU
		{81FDCCBC-AAC1-495B-80EF-6895C0AF3609}.TRANSF-PRD-CD01|x86.Build.0 = Release|Any CPU
		{81FDCCBC-AAC1-495B-80EF-6895C0AF3609}.TRANSF-PRD-CD02|Any CPU.ActiveCfg = Release|Any CPU
		{81FDCCBC-AAC1-495B-80EF-6895C0AF3609}.TRANSF-PRD-CD02|Any CPU.Build.0 = Release|Any CPU
		{81FDCCBC-AAC1-495B-80EF-6895C0AF3609}.TRANSF-PRD-CD02|x64.ActiveCfg = Release|Any CPU
		{81FDCCBC-AAC1-495B-80EF-6895C0AF3609}.TRANSF-PRD-CD02|x64.Build.0 = Release|Any CPU
		{81FDCCBC-AAC1-495B-80EF-6895C0AF3609}.TRANSF-PRD-CD02|x86.ActiveCfg = Release|Any CPU
		{81FDCCBC-AAC1-495B-80EF-6895C0AF3609}.TRANSF-PRD-CD02|x86.Build.0 = Release|Any CPU
		{81FDCCBC-AAC1-495B-80EF-6895C0AF3609}.TRANSF-PRD-CM|Any CPU.ActiveCfg = Release|Any CPU
		{81FDCCBC-AAC1-495B-80EF-6895C0AF3609}.TRANSF-PRD-CM|Any CPU.Build.0 = Release|Any CPU
		{81FDCCBC-AAC1-495B-80EF-6895C0AF3609}.TRANSF-PRD-CM|x64.ActiveCfg = Release|Any CPU
		{81FDCCBC-AAC1-495B-80EF-6895C0AF3609}.TRANSF-PRD-CM|x64.Build.0 = Release|Any CPU
		{81FDCCBC-AAC1-495B-80EF-6895C0AF3609}.TRANSF-PRD-CM|x86.ActiveCfg = Release|Any CPU
		{81FDCCBC-AAC1-495B-80EF-6895C0AF3609}.TRANSF-PRD-CM|x86.Build.0 = Release|Any CPU
		{81FDCCBC-AAC1-495B-80EF-6895C0AF3609}.TRANSF-QA-CM|Any CPU.ActiveCfg = Release|Any CPU
		{81FDCCBC-AAC1-495B-80EF-6895C0AF3609}.TRANSF-QA-CM|Any CPU.Build.0 = Release|Any CPU
		{81FDCCBC-AAC1-495B-80EF-6895C0AF3609}.TRANSF-QA-CM|x64.ActiveCfg = Release|Any CPU
		{81FDCCBC-AAC1-495B-80EF-6895C0AF3609}.TRANSF-QA-CM|x64.Build.0 = Release|Any CPU
		{81FDCCBC-AAC1-495B-80EF-6895C0AF3609}.TRANSF-QA-CM|x86.ActiveCfg = Release|Any CPU
		{81FDCCBC-AAC1-495B-80EF-6895C0AF3609}.TRANSF-QA-CM|x86.Build.0 = Release|Any CPU
		{81FDCCBC-AAC1-495B-80EF-6895C0AF3609}.TRANSF-UAT-CD01|Any CPU.ActiveCfg = Release|Any CPU
		{81FDCCBC-AAC1-495B-80EF-6895C0AF3609}.TRANSF-UAT-CD01|Any CPU.Build.0 = Release|Any CPU
		{81FDCCBC-AAC1-495B-80EF-6895C0AF3609}.TRANSF-UAT-CD01|x64.ActiveCfg = Release|Any CPU
		{81FDCCBC-AAC1-495B-80EF-6895C0AF3609}.TRANSF-UAT-CD01|x64.Build.0 = Release|Any CPU
		{81FDCCBC-AAC1-495B-80EF-6895C0AF3609}.TRANSF-UAT-CD01|x86.ActiveCfg = Release|Any CPU
		{81FDCCBC-AAC1-495B-80EF-6895C0AF3609}.TRANSF-UAT-CD01|x86.Build.0 = Release|Any CPU
		{81FDCCBC-AAC1-495B-80EF-6895C0AF3609}.TRANSF-UAT-CD02|Any CPU.ActiveCfg = Release|Any CPU
		{81FDCCBC-AAC1-495B-80EF-6895C0AF3609}.TRANSF-UAT-CD02|Any CPU.Build.0 = Release|Any CPU
		{81FDCCBC-AAC1-495B-80EF-6895C0AF3609}.TRANSF-UAT-CD02|x64.ActiveCfg = Release|Any CPU
		{81FDCCBC-AAC1-495B-80EF-6895C0AF3609}.TRANSF-UAT-CD02|x64.Build.0 = Release|Any CPU
		{81FDCCBC-AAC1-495B-80EF-6895C0AF3609}.TRANSF-UAT-CD02|x86.ActiveCfg = Release|Any CPU
		{81FDCCBC-AAC1-495B-80EF-6895C0AF3609}.TRANSF-UAT-CD02|x86.Build.0 = Release|Any CPU
		{81FDCCBC-AAC1-495B-80EF-6895C0AF3609}.TRANSF-UAT-CM|Any CPU.ActiveCfg = Release|Any CPU
		{81FDCCBC-AAC1-495B-80EF-6895C0AF3609}.TRANSF-UAT-CM|Any CPU.Build.0 = Release|Any CPU
		{81FDCCBC-AAC1-495B-80EF-6895C0AF3609}.TRANSF-UAT-CM|x64.ActiveCfg = Release|Any CPU
		{81FDCCBC-AAC1-495B-80EF-6895C0AF3609}.TRANSF-UAT-CM|x64.Build.0 = Release|Any CPU
		{81FDCCBC-AAC1-495B-80EF-6895C0AF3609}.TRANSF-UAT-CM|x86.ActiveCfg = Release|Any CPU
		{81FDCCBC-AAC1-495B-80EF-6895C0AF3609}.TRANSF-UAT-CM|x86.Build.0 = Release|Any CPU
		{8C1C9C05-89EC-4D1C-8C14-C0D9E9FA92B3}.Debug|Any CPU.ActiveCfg = Debug|Any CPU
		{8C1C9C05-89EC-4D1C-8C14-C0D9E9FA92B3}.Debug|Any CPU.Build.0 = Debug|Any CPU
		{8C1C9C05-89EC-4D1C-8C14-C0D9E9FA92B3}.Debug|x64.ActiveCfg = Debug|Any CPU
		{8C1C9C05-89EC-4D1C-8C14-C0D9E9FA92B3}.Debug|x64.Build.0 = Debug|Any CPU
		{8C1C9C05-89EC-4D1C-8C14-C0D9E9FA92B3}.Debug|x86.ActiveCfg = Debug|Any CPU
		{8C1C9C05-89EC-4D1C-8C14-C0D9E9FA92B3}.Debug|x86.Build.0 = Debug|Any CPU
		{8C1C9C05-89EC-4D1C-8C14-C0D9E9FA92B3}.Release|Any CPU.ActiveCfg = Debug|Any CPU
		{8C1C9C05-89EC-4D1C-8C14-C0D9E9FA92B3}.Release|Any CPU.Build.0 = Debug|Any CPU
		{8C1C9C05-89EC-4D1C-8C14-C0D9E9FA92B3}.Release|x64.ActiveCfg = Debug|Any CPU
		{8C1C9C05-89EC-4D1C-8C14-C0D9E9FA92B3}.Release|x64.Build.0 = Debug|Any CPU
		{8C1C9C05-89EC-4D1C-8C14-C0D9E9FA92B3}.Release|x86.ActiveCfg = Debug|Any CPU
		{8C1C9C05-89EC-4D1C-8C14-C0D9E9FA92B3}.Release|x86.Build.0 = Debug|Any CPU
		{8C1C9C05-89EC-4D1C-8C14-C0D9E9FA92B3}.TRANSF-INT-CM|Any CPU.ActiveCfg = Release|Any CPU
		{8C1C9C05-89EC-4D1C-8C14-C0D9E9FA92B3}.TRANSF-INT-CM|Any CPU.Build.0 = Release|Any CPU
		{8C1C9C05-89EC-4D1C-8C14-C0D9E9FA92B3}.TRANSF-INT-CM|x64.ActiveCfg = Release|Any CPU
		{8C1C9C05-89EC-4D1C-8C14-C0D9E9FA92B3}.TRANSF-INT-CM|x64.Build.0 = Release|Any CPU
		{8C1C9C05-89EC-4D1C-8C14-C0D9E9FA92B3}.TRANSF-INT-CM|x86.ActiveCfg = Release|Any CPU
		{8C1C9C05-89EC-4D1C-8C14-C0D9E9FA92B3}.TRANSF-INT-CM|x86.Build.0 = Release|Any CPU
		{8C1C9C05-89EC-4D1C-8C14-C0D9E9FA92B3}.TRANSF-PRD-CD01|Any CPU.ActiveCfg = Release|Any CPU
		{8C1C9C05-89EC-4D1C-8C14-C0D9E9FA92B3}.TRANSF-PRD-CD01|Any CPU.Build.0 = Release|Any CPU
		{8C1C9C05-89EC-4D1C-8C14-C0D9E9FA92B3}.TRANSF-PRD-CD01|x64.ActiveCfg = Release|Any CPU
		{8C1C9C05-89EC-4D1C-8C14-C0D9E9FA92B3}.TRANSF-PRD-CD01|x64.Build.0 = Release|Any CPU
		{8C1C9C05-89EC-4D1C-8C14-C0D9E9FA92B3}.TRANSF-PRD-CD01|x86.ActiveCfg = Release|Any CPU
		{8C1C9C05-89EC-4D1C-8C14-C0D9E9FA92B3}.TRANSF-PRD-CD01|x86.Build.0 = Release|Any CPU
		{8C1C9C05-89EC-4D1C-8C14-C0D9E9FA92B3}.TRANSF-PRD-CD02|Any CPU.ActiveCfg = Release|Any CPU
		{8C1C9C05-89EC-4D1C-8C14-C0D9E9FA92B3}.TRANSF-PRD-CD02|Any CPU.Build.0 = Release|Any CPU
		{8C1C9C05-89EC-4D1C-8C14-C0D9E9FA92B3}.TRANSF-PRD-CD02|x64.ActiveCfg = Release|Any CPU
		{8C1C9C05-89EC-4D1C-8C14-C0D9E9FA92B3}.TRANSF-PRD-CD02|x64.Build.0 = Release|Any CPU
		{8C1C9C05-89EC-4D1C-8C14-C0D9E9FA92B3}.TRANSF-PRD-CD02|x86.ActiveCfg = Release|Any CPU
		{8C1C9C05-89EC-4D1C-8C14-C0D9E9FA92B3}.TRANSF-PRD-CD02|x86.Build.0 = Release|Any CPU
		{8C1C9C05-89EC-4D1C-8C14-C0D9E9FA92B3}.TRANSF-PRD-CM|Any CPU.ActiveCfg = Release|Any CPU
		{8C1C9C05-89EC-4D1C-8C14-C0D9E9FA92B3}.TRANSF-PRD-CM|Any CPU.Build.0 = Release|Any CPU
		{8C1C9C05-89EC-4D1C-8C14-C0D9E9FA92B3}.TRANSF-PRD-CM|x64.ActiveCfg = Release|Any CPU
		{8C1C9C05-89EC-4D1C-8C14-C0D9E9FA92B3}.TRANSF-PRD-CM|x64.Build.0 = Release|Any CPU
		{8C1C9C05-89EC-4D1C-8C14-C0D9E9FA92B3}.TRANSF-PRD-CM|x86.ActiveCfg = Release|Any CPU
		{8C1C9C05-89EC-4D1C-8C14-C0D9E9FA92B3}.TRANSF-PRD-CM|x86.Build.0 = Release|Any CPU
		{8C1C9C05-89EC-4D1C-8C14-C0D9E9FA92B3}.TRANSF-QA-CM|Any CPU.ActiveCfg = Release|Any CPU
		{8C1C9C05-89EC-4D1C-8C14-C0D9E9FA92B3}.TRANSF-QA-CM|Any CPU.Build.0 = Release|Any CPU
		{8C1C9C05-89EC-4D1C-8C14-C0D9E9FA92B3}.TRANSF-QA-CM|x64.ActiveCfg = Release|Any CPU
		{8C1C9C05-89EC-4D1C-8C14-C0D9E9FA92B3}.TRANSF-QA-CM|x64.Build.0 = Release|Any CPU
		{8C1C9C05-89EC-4D1C-8C14-C0D9E9FA92B3}.TRANSF-QA-CM|x86.ActiveCfg = Release|Any CPU
		{8C1C9C05-89EC-4D1C-8C14-C0D9E9FA92B3}.TRANSF-QA-CM|x86.Build.0 = Release|Any CPU
		{8C1C9C05-89EC-4D1C-8C14-C0D9E9FA92B3}.TRANSF-UAT-CD01|Any CPU.ActiveCfg = Release|Any CPU
		{8C1C9C05-89EC-4D1C-8C14-C0D9E9FA92B3}.TRANSF-UAT-CD01|Any CPU.Build.0 = Release|Any CPU
		{8C1C9C05-89EC-4D1C-8C14-C0D9E9FA92B3}.TRANSF-UAT-CD01|x64.ActiveCfg = Release|Any CPU
		{8C1C9C05-89EC-4D1C-8C14-C0D9E9FA92B3}.TRANSF-UAT-CD01|x64.Build.0 = Release|Any CPU
		{8C1C9C05-89EC-4D1C-8C14-C0D9E9FA92B3}.TRANSF-UAT-CD01|x86.ActiveCfg = Release|Any CPU
		{8C1C9C05-89EC-4D1C-8C14-C0D9E9FA92B3}.TRANSF-UAT-CD01|x86.Build.0 = Release|Any CPU
		{8C1C9C05-89EC-4D1C-8C14-C0D9E9FA92B3}.TRANSF-UAT-CD02|Any CPU.ActiveCfg = Release|Any CPU
		{8C1C9C05-89EC-4D1C-8C14-C0D9E9FA92B3}.TRANSF-UAT-CD02|Any CPU.Build.0 = Release|Any CPU
		{8C1C9C05-89EC-4D1C-8C14-C0D9E9FA92B3}.TRANSF-UAT-CD02|x64.ActiveCfg = Release|Any CPU
		{8C1C9C05-89EC-4D1C-8C14-C0D9E9FA92B3}.TRANSF-UAT-CD02|x64.Build.0 = Release|Any CPU
		{8C1C9C05-89EC-4D1C-8C14-C0D9E9FA92B3}.TRANSF-UAT-CD02|x86.ActiveCfg = Release|Any CPU
		{8C1C9C05-89EC-4D1C-8C14-C0D9E9FA92B3}.TRANSF-UAT-CD02|x86.Build.0 = Release|Any CPU
		{8C1C9C05-89EC-4D1C-8C14-C0D9E9FA92B3}.TRANSF-UAT-CM|Any CPU.ActiveCfg = Release|Any CPU
		{8C1C9C05-89EC-4D1C-8C14-C0D9E9FA92B3}.TRANSF-UAT-CM|Any CPU.Build.0 = Release|Any CPU
		{8C1C9C05-89EC-4D1C-8C14-C0D9E9FA92B3}.TRANSF-UAT-CM|x64.ActiveCfg = Release|Any CPU
		{8C1C9C05-89EC-4D1C-8C14-C0D9E9FA92B3}.TRANSF-UAT-CM|x64.Build.0 = Release|Any CPU
		{8C1C9C05-89EC-4D1C-8C14-C0D9E9FA92B3}.TRANSF-UAT-CM|x86.ActiveCfg = Release|Any CPU
		{8C1C9C05-89EC-4D1C-8C14-C0D9E9FA92B3}.TRANSF-UAT-CM|x86.Build.0 = Release|Any CPU
		{E245FE50-CEF6-40DD-88F6-32AD1F08B7FD}.Debug|Any CPU.ActiveCfg = Debug|Any CPU
		{E245FE50-CEF6-40DD-88F6-32AD1F08B7FD}.Debug|Any CPU.Build.0 = Debug|Any CPU
		{E245FE50-CEF6-40DD-88F6-32AD1F08B7FD}.Debug|x64.ActiveCfg = Debug|Any CPU
		{E245FE50-CEF6-40DD-88F6-32AD1F08B7FD}.Debug|x64.Build.0 = Debug|Any CPU
		{E245FE50-CEF6-40DD-88F6-32AD1F08B7FD}.Debug|x86.ActiveCfg = Debug|Any CPU
		{E245FE50-CEF6-40DD-88F6-32AD1F08B7FD}.Debug|x86.Build.0 = Debug|Any CPU
		{E245FE50-CEF6-40DD-88F6-32AD1F08B7FD}.Release|Any CPU.ActiveCfg = Debug|Any CPU
		{E245FE50-CEF6-40DD-88F6-32AD1F08B7FD}.Release|Any CPU.Build.0 = Debug|Any CPU
		{E245FE50-CEF6-40DD-88F6-32AD1F08B7FD}.Release|x64.ActiveCfg = Debug|Any CPU
		{E245FE50-CEF6-40DD-88F6-32AD1F08B7FD}.Release|x64.Build.0 = Debug|Any CPU
		{E245FE50-CEF6-40DD-88F6-32AD1F08B7FD}.Release|x86.ActiveCfg = Debug|Any CPU
		{E245FE50-CEF6-40DD-88F6-32AD1F08B7FD}.Release|x86.Build.0 = Debug|Any CPU
		{E245FE50-CEF6-40DD-88F6-32AD1F08B7FD}.TRANSF-INT-CM|Any CPU.ActiveCfg = Release|Any CPU
		{E245FE50-CEF6-40DD-88F6-32AD1F08B7FD}.TRANSF-INT-CM|Any CPU.Build.0 = Release|Any CPU
		{E245FE50-CEF6-40DD-88F6-32AD1F08B7FD}.TRANSF-INT-CM|x64.ActiveCfg = Release|Any CPU
		{E245FE50-CEF6-40DD-88F6-32AD1F08B7FD}.TRANSF-INT-CM|x64.Build.0 = Release|Any CPU
		{E245FE50-CEF6-40DD-88F6-32AD1F08B7FD}.TRANSF-INT-CM|x86.ActiveCfg = Release|Any CPU
		{E245FE50-CEF6-40DD-88F6-32AD1F08B7FD}.TRANSF-INT-CM|x86.Build.0 = Release|Any CPU
		{E245FE50-CEF6-40DD-88F6-32AD1F08B7FD}.TRANSF-PRD-CD01|Any CPU.ActiveCfg = Release|Any CPU
		{E245FE50-CEF6-40DD-88F6-32AD1F08B7FD}.TRANSF-PRD-CD01|Any CPU.Build.0 = Release|Any CPU
		{E245FE50-CEF6-40DD-88F6-32AD1F08B7FD}.TRANSF-PRD-CD01|x64.ActiveCfg = Release|Any CPU
		{E245FE50-CEF6-40DD-88F6-32AD1F08B7FD}.TRANSF-PRD-CD01|x64.Build.0 = Release|Any CPU
		{E245FE50-CEF6-40DD-88F6-32AD1F08B7FD}.TRANSF-PRD-CD01|x86.ActiveCfg = Release|Any CPU
		{E245FE50-CEF6-40DD-88F6-32AD1F08B7FD}.TRANSF-PRD-CD01|x86.Build.0 = Release|Any CPU
		{E245FE50-CEF6-40DD-88F6-32AD1F08B7FD}.TRANSF-PRD-CD02|Any CPU.ActiveCfg = Release|Any CPU
		{E245FE50-CEF6-40DD-88F6-32AD1F08B7FD}.TRANSF-PRD-CD02|Any CPU.Build.0 = Release|Any CPU
		{E245FE50-CEF6-40DD-88F6-32AD1F08B7FD}.TRANSF-PRD-CD02|x64.ActiveCfg = Release|Any CPU
		{E245FE50-CEF6-40DD-88F6-32AD1F08B7FD}.TRANSF-PRD-CD02|x64.Build.0 = Release|Any CPU
		{E245FE50-CEF6-40DD-88F6-32AD1F08B7FD}.TRANSF-PRD-CD02|x86.ActiveCfg = Release|Any CPU
		{E245FE50-CEF6-40DD-88F6-32AD1F08B7FD}.TRANSF-PRD-CD02|x86.Build.0 = Release|Any CPU
		{E245FE50-CEF6-40DD-88F6-32AD1F08B7FD}.TRANSF-PRD-CM|Any CPU.ActiveCfg = Release|Any CPU
		{E245FE50-CEF6-40DD-88F6-32AD1F08B7FD}.TRANSF-PRD-CM|Any CPU.Build.0 = Release|Any CPU
		{E245FE50-CEF6-40DD-88F6-32AD1F08B7FD}.TRANSF-PRD-CM|x64.ActiveCfg = Release|Any CPU
		{E245FE50-CEF6-40DD-88F6-32AD1F08B7FD}.TRANSF-PRD-CM|x64.Build.0 = Release|Any CPU
		{E245FE50-CEF6-40DD-88F6-32AD1F08B7FD}.TRANSF-PRD-CM|x86.ActiveCfg = Release|Any CPU
		{E245FE50-CEF6-40DD-88F6-32AD1F08B7FD}.TRANSF-PRD-CM|x86.Build.0 = Release|Any CPU
		{E245FE50-CEF6-40DD-88F6-32AD1F08B7FD}.TRANSF-QA-CM|Any CPU.ActiveCfg = Release|Any CPU
		{E245FE50-CEF6-40DD-88F6-32AD1F08B7FD}.TRANSF-QA-CM|Any CPU.Build.0 = Release|Any CPU
		{E245FE50-CEF6-40DD-88F6-32AD1F08B7FD}.TRANSF-QA-CM|x64.ActiveCfg = Release|Any CPU
		{E245FE50-CEF6-40DD-88F6-32AD1F08B7FD}.TRANSF-QA-CM|x64.Build.0 = Release|Any CPU
		{E245FE50-CEF6-40DD-88F6-32AD1F08B7FD}.TRANSF-QA-CM|x86.ActiveCfg = Release|Any CPU
		{E245FE50-CEF6-40DD-88F6-32AD1F08B7FD}.TRANSF-QA-CM|x86.Build.0 = Release|Any CPU
		{E245FE50-CEF6-40DD-88F6-32AD1F08B7FD}.TRANSF-UAT-CD01|Any CPU.ActiveCfg = Release|Any CPU
		{E245FE50-CEF6-40DD-88F6-32AD1F08B7FD}.TRANSF-UAT-CD01|Any CPU.Build.0 = Release|Any CPU
		{E245FE50-CEF6-40DD-88F6-32AD1F08B7FD}.TRANSF-UAT-CD01|x64.ActiveCfg = Release|Any CPU
		{E245FE50-CEF6-40DD-88F6-32AD1F08B7FD}.TRANSF-UAT-CD01|x64.Build.0 = Release|Any CPU
		{E245FE50-CEF6-40DD-88F6-32AD1F08B7FD}.TRANSF-UAT-CD01|x86.ActiveCfg = Release|Any CPU
		{E245FE50-CEF6-40DD-88F6-32AD1F08B7FD}.TRANSF-UAT-CD01|x86.Build.0 = Release|Any CPU
		{E245FE50-CEF6-40DD-88F6-32AD1F08B7FD}.TRANSF-UAT-CD02|Any CPU.ActiveCfg = Release|Any CPU
		{E245FE50-CEF6-40DD-88F6-32AD1F08B7FD}.TRANSF-UAT-CD02|Any CPU.Build.0 = Release|Any CPU
		{E245FE50-CEF6-40DD-88F6-32AD1F08B7FD}.TRANSF-UAT-CD02|x64.ActiveCfg = Release|Any CPU
		{E245FE50-CEF6-40DD-88F6-32AD1F08B7FD}.TRANSF-UAT-CD02|x64.Build.0 = Release|Any CPU
		{E245FE50-CEF6-40DD-88F6-32AD1F08B7FD}.TRANSF-UAT-CD02|x86.ActiveCfg = Release|Any CPU
		{E245FE50-CEF6-40DD-88F6-32AD1F08B7FD}.TRANSF-UAT-CD02|x86.Build.0 = Release|Any CPU
		{E245FE50-CEF6-40DD-88F6-32AD1F08B7FD}.TRANSF-UAT-CM|Any CPU.ActiveCfg = Release|Any CPU
		{E245FE50-CEF6-40DD-88F6-32AD1F08B7FD}.TRANSF-UAT-CM|Any CPU.Build.0 = Release|Any CPU
		{E245FE50-CEF6-40DD-88F6-32AD1F08B7FD}.TRANSF-UAT-CM|x64.ActiveCfg = Release|Any CPU
		{E245FE50-CEF6-40DD-88F6-32AD1F08B7FD}.TRANSF-UAT-CM|x64.Build.0 = Release|Any CPU
		{E245FE50-CEF6-40DD-88F6-32AD1F08B7FD}.TRANSF-UAT-CM|x86.ActiveCfg = Release|Any CPU
		{E245FE50-CEF6-40DD-88F6-32AD1F08B7FD}.TRANSF-UAT-CM|x86.Build.0 = Release|Any CPU
		{9F75B570-DFC9-4632-AD84-9524DA746824}.Debug|Any CPU.ActiveCfg = Debug|Any CPU
		{9F75B570-DFC9-4632-AD84-9524DA746824}.Debug|Any CPU.Build.0 = Debug|Any CPU
		{9F75B570-DFC9-4632-AD84-9524DA746824}.Debug|x64.ActiveCfg = Debug|Any CPU
		{9F75B570-DFC9-4632-AD84-9524DA746824}.Debug|x64.Build.0 = Debug|Any CPU
		{9F75B570-DFC9-4632-AD84-9524DA746824}.Debug|x86.ActiveCfg = Debug|Any CPU
		{9F75B570-DFC9-4632-AD84-9524DA746824}.Debug|x86.Build.0 = Debug|Any CPU
		{9F75B570-DFC9-4632-AD84-9524DA746824}.Release|Any CPU.ActiveCfg = Debug|Any CPU
		{9F75B570-DFC9-4632-AD84-9524DA746824}.Release|Any CPU.Build.0 = Debug|Any CPU
		{9F75B570-DFC9-4632-AD84-9524DA746824}.Release|x64.ActiveCfg = Debug|Any CPU
		{9F75B570-DFC9-4632-AD84-9524DA746824}.Release|x64.Build.0 = Debug|Any CPU
		{9F75B570-DFC9-4632-AD84-9524DA746824}.Release|x86.ActiveCfg = Debug|Any CPU
		{9F75B570-DFC9-4632-AD84-9524DA746824}.Release|x86.Build.0 = Debug|Any CPU
		{9F75B570-DFC9-4632-AD84-9524DA746824}.TRANSF-INT-CM|Any CPU.ActiveCfg = Release|Any CPU
		{9F75B570-DFC9-4632-AD84-9524DA746824}.TRANSF-INT-CM|Any CPU.Build.0 = Release|Any CPU
		{9F75B570-DFC9-4632-AD84-9524DA746824}.TRANSF-INT-CM|x64.ActiveCfg = Release|Any CPU
		{9F75B570-DFC9-4632-AD84-9524DA746824}.TRANSF-INT-CM|x64.Build.0 = Release|Any CPU
		{9F75B570-DFC9-4632-AD84-9524DA746824}.TRANSF-INT-CM|x86.ActiveCfg = Release|Any CPU
		{9F75B570-DFC9-4632-AD84-9524DA746824}.TRANSF-INT-CM|x86.Build.0 = Release|Any CPU
		{9F75B570-DFC9-4632-AD84-9524DA746824}.TRANSF-PRD-CD01|Any CPU.ActiveCfg = Release|Any CPU
		{9F75B570-DFC9-4632-AD84-9524DA746824}.TRANSF-PRD-CD01|Any CPU.Build.0 = Release|Any CPU
		{9F75B570-DFC9-4632-AD84-9524DA746824}.TRANSF-PRD-CD01|x64.ActiveCfg = Release|Any CPU
		{9F75B570-DFC9-4632-AD84-9524DA746824}.TRANSF-PRD-CD01|x64.Build.0 = Release|Any CPU
		{9F75B570-DFC9-4632-AD84-9524DA746824}.TRANSF-PRD-CD01|x86.ActiveCfg = Release|Any CPU
		{9F75B570-DFC9-4632-AD84-9524DA746824}.TRANSF-PRD-CD01|x86.Build.0 = Release|Any CPU
		{9F75B570-DFC9-4632-AD84-9524DA746824}.TRANSF-PRD-CD02|Any CPU.ActiveCfg = Release|Any CPU
		{9F75B570-DFC9-4632-AD84-9524DA746824}.TRANSF-PRD-CD02|Any CPU.Build.0 = Release|Any CPU
		{9F75B570-DFC9-4632-AD84-9524DA746824}.TRANSF-PRD-CD02|x64.ActiveCfg = Release|Any CPU
		{9F75B570-DFC9-4632-AD84-9524DA746824}.TRANSF-PRD-CD02|x64.Build.0 = Release|Any CPU
		{9F75B570-DFC9-4632-AD84-9524DA746824}.TRANSF-PRD-CD02|x86.ActiveCfg = Release|Any CPU
		{9F75B570-DFC9-4632-AD84-9524DA746824}.TRANSF-PRD-CD02|x86.Build.0 = Release|Any CPU
		{9F75B570-DFC9-4632-AD84-9524DA746824}.TRANSF-PRD-CM|Any CPU.ActiveCfg = Release|Any CPU
		{9F75B570-DFC9-4632-AD84-9524DA746824}.TRANSF-PRD-CM|Any CPU.Build.0 = Release|Any CPU
		{9F75B570-DFC9-4632-AD84-9524DA746824}.TRANSF-PRD-CM|x64.ActiveCfg = Release|Any CPU
		{9F75B570-DFC9-4632-AD84-9524DA746824}.TRANSF-PRD-CM|x64.Build.0 = Release|Any CPU
		{9F75B570-DFC9-4632-AD84-9524DA746824}.TRANSF-PRD-CM|x86.ActiveCfg = Release|Any CPU
		{9F75B570-DFC9-4632-AD84-9524DA746824}.TRANSF-PRD-CM|x86.Build.0 = Release|Any CPU
		{9F75B570-DFC9-4632-AD84-9524DA746824}.TRANSF-QA-CM|Any CPU.ActiveCfg = Release|Any CPU
		{9F75B570-DFC9-4632-AD84-9524DA746824}.TRANSF-QA-CM|Any CPU.Build.0 = Release|Any CPU
		{9F75B570-DFC9-4632-AD84-9524DA746824}.TRANSF-QA-CM|x64.ActiveCfg = Release|Any CPU
		{9F75B570-DFC9-4632-AD84-9524DA746824}.TRANSF-QA-CM|x64.Build.0 = Release|Any CPU
		{9F75B570-DFC9-4632-AD84-9524DA746824}.TRANSF-QA-CM|x86.ActiveCfg = Release|Any CPU
		{9F75B570-DFC9-4632-AD84-9524DA746824}.TRANSF-QA-CM|x86.Build.0 = Release|Any CPU
		{9F75B570-DFC9-4632-AD84-9524DA746824}.TRANSF-UAT-CD01|Any CPU.ActiveCfg = Release|Any CPU
		{9F75B570-DFC9-4632-AD84-9524DA746824}.TRANSF-UAT-CD01|Any CPU.Build.0 = Release|Any CPU
		{9F75B570-DFC9-4632-AD84-9524DA746824}.TRANSF-UAT-CD01|x64.ActiveCfg = Release|Any CPU
		{9F75B570-DFC9-4632-AD84-9524DA746824}.TRANSF-UAT-CD01|x64.Build.0 = Release|Any CPU
		{9F75B570-DFC9-4632-AD84-9524DA746824}.TRANSF-UAT-CD01|x86.ActiveCfg = Release|Any CPU
		{9F75B570-DFC9-4632-AD84-9524DA746824}.TRANSF-UAT-CD01|x86.Build.0 = Release|Any CPU
		{9F75B570-DFC9-4632-AD84-9524DA746824}.TRANSF-UAT-CD02|Any CPU.ActiveCfg = Release|Any CPU
		{9F75B570-DFC9-4632-AD84-9524DA746824}.TRANSF-UAT-CD02|Any CPU.Build.0 = Release|Any CPU
		{9F75B570-DFC9-4632-AD84-9524DA746824}.TRANSF-UAT-CD02|x64.ActiveCfg = Release|Any CPU
		{9F75B570-DFC9-4632-AD84-9524DA746824}.TRANSF-UAT-CD02|x64.Build.0 = Release|Any CPU
		{9F75B570-DFC9-4632-AD84-9524DA746824}.TRANSF-UAT-CD02|x86.ActiveCfg = Release|Any CPU
		{9F75B570-DFC9-4632-AD84-9524DA746824}.TRANSF-UAT-CD02|x86.Build.0 = Release|Any CPU
		{9F75B570-DFC9-4632-AD84-9524DA746824}.TRANSF-UAT-CM|Any CPU.ActiveCfg = Release|Any CPU
		{9F75B570-DFC9-4632-AD84-9524DA746824}.TRANSF-UAT-CM|Any CPU.Build.0 = Release|Any CPU
		{9F75B570-DFC9-4632-AD84-9524DA746824}.TRANSF-UAT-CM|x64.ActiveCfg = Release|Any CPU
		{9F75B570-DFC9-4632-AD84-9524DA746824}.TRANSF-UAT-CM|x64.Build.0 = Release|Any CPU
		{9F75B570-DFC9-4632-AD84-9524DA746824}.TRANSF-UAT-CM|x86.ActiveCfg = Release|Any CPU
		{9F75B570-DFC9-4632-AD84-9524DA746824}.TRANSF-UAT-CM|x86.Build.0 = Release|Any CPU
		{97696946-CFED-49DB-AB8D-53431E48E3DA}.Debug|Any CPU.ActiveCfg = Debug|Any CPU
		{97696946-CFED-49DB-AB8D-53431E48E3DA}.Debug|Any CPU.Build.0 = Debug|Any CPU
		{97696946-CFED-49DB-AB8D-53431E48E3DA}.Debug|x64.ActiveCfg = Debug|Any CPU
		{97696946-CFED-49DB-AB8D-53431E48E3DA}.Debug|x64.Build.0 = Debug|Any CPU
		{97696946-CFED-49DB-AB8D-53431E48E3DA}.Debug|x86.ActiveCfg = Debug|Any CPU
		{97696946-CFED-49DB-AB8D-53431E48E3DA}.Debug|x86.Build.0 = Debug|Any CPU
		{97696946-CFED-49DB-AB8D-53431E48E3DA}.Release|Any CPU.ActiveCfg = Release|Any CPU
		{97696946-CFED-49DB-AB8D-53431E48E3DA}.Release|Any CPU.Build.0 = Release|Any CPU
		{97696946-CFED-49DB-AB8D-53431E48E3DA}.Release|x64.ActiveCfg = Release|Any CPU
		{97696946-CFED-49DB-AB8D-53431E48E3DA}.Release|x64.Build.0 = Release|Any CPU
		{97696946-CFED-49DB-AB8D-53431E48E3DA}.Release|x86.ActiveCfg = Release|Any CPU
		{97696946-CFED-49DB-AB8D-53431E48E3DA}.Release|x86.Build.0 = Release|Any CPU
		{97696946-CFED-49DB-AB8D-53431E48E3DA}.TRANSF-INT-CM|Any CPU.ActiveCfg = Release|Any CPU
		{97696946-CFED-49DB-AB8D-53431E48E3DA}.TRANSF-INT-CM|Any CPU.Build.0 = Release|Any CPU
		{97696946-CFED-49DB-AB8D-53431E48E3DA}.TRANSF-INT-CM|x64.ActiveCfg = Release|Any CPU
		{97696946-CFED-49DB-AB8D-53431E48E3DA}.TRANSF-INT-CM|x64.Build.0 = Release|Any CPU
		{97696946-CFED-49DB-AB8D-53431E48E3DA}.TRANSF-INT-CM|x86.ActiveCfg = Release|Any CPU
		{97696946-CFED-49DB-AB8D-53431E48E3DA}.TRANSF-INT-CM|x86.Build.0 = Release|Any CPU
		{97696946-CFED-49DB-AB8D-53431E48E3DA}.TRANSF-PRD-CD01|Any CPU.ActiveCfg = Release|Any CPU
		{97696946-CFED-49DB-AB8D-53431E48E3DA}.TRANSF-PRD-CD01|Any CPU.Build.0 = Release|Any CPU
		{97696946-CFED-49DB-AB8D-53431E48E3DA}.TRANSF-PRD-CD01|x64.ActiveCfg = Release|Any CPU
		{97696946-CFED-49DB-AB8D-53431E48E3DA}.TRANSF-PRD-CD01|x64.Build.0 = Release|Any CPU
		{97696946-CFED-49DB-AB8D-53431E48E3DA}.TRANSF-PRD-CD01|x86.ActiveCfg = Release|Any CPU
		{97696946-CFED-49DB-AB8D-53431E48E3DA}.TRANSF-PRD-CD01|x86.Build.0 = Release|Any CPU
		{97696946-CFED-49DB-AB8D-53431E48E3DA}.TRANSF-PRD-CD02|Any CPU.ActiveCfg = Release|Any CPU
		{97696946-CFED-49DB-AB8D-53431E48E3DA}.TRANSF-PRD-CD02|Any CPU.Build.0 = Release|Any CPU
		{97696946-CFED-49DB-AB8D-53431E48E3DA}.TRANSF-PRD-CD02|x64.ActiveCfg = Release|Any CPU
		{97696946-CFED-49DB-AB8D-53431E48E3DA}.TRANSF-PRD-CD02|x64.Build.0 = Release|Any CPU
		{97696946-CFED-49DB-AB8D-53431E48E3DA}.TRANSF-PRD-CD02|x86.ActiveCfg = Release|Any CPU
		{97696946-CFED-49DB-AB8D-53431E48E3DA}.TRANSF-PRD-CD02|x86.Build.0 = Release|Any CPU
		{97696946-CFED-49DB-AB8D-53431E48E3DA}.TRANSF-PRD-CM|Any CPU.ActiveCfg = Release|Any CPU
		{97696946-CFED-49DB-AB8D-53431E48E3DA}.TRANSF-PRD-CM|Any CPU.Build.0 = Release|Any CPU
		{97696946-CFED-49DB-AB8D-53431E48E3DA}.TRANSF-PRD-CM|x64.ActiveCfg = Release|Any CPU
		{97696946-CFED-49DB-AB8D-53431E48E3DA}.TRANSF-PRD-CM|x64.Build.0 = Release|Any CPU
		{97696946-CFED-49DB-AB8D-53431E48E3DA}.TRANSF-PRD-CM|x86.ActiveCfg = Release|Any CPU
		{97696946-CFED-49DB-AB8D-53431E48E3DA}.TRANSF-PRD-CM|x86.Build.0 = Release|Any CPU
		{97696946-CFED-49DB-AB8D-53431E48E3DA}.TRANSF-QA-CM|Any CPU.ActiveCfg = Release|Any CPU
		{97696946-CFED-49DB-AB8D-53431E48E3DA}.TRANSF-QA-CM|Any CPU.Build.0 = Release|Any CPU
		{97696946-CFED-49DB-AB8D-53431E48E3DA}.TRANSF-QA-CM|x64.ActiveCfg = Release|Any CPU
		{97696946-CFED-49DB-AB8D-53431E48E3DA}.TRANSF-QA-CM|x64.Build.0 = Release|Any CPU
		{97696946-CFED-49DB-AB8D-53431E48E3DA}.TRANSF-QA-CM|x86.ActiveCfg = Release|Any CPU
		{97696946-CFED-49DB-AB8D-53431E48E3DA}.TRANSF-QA-CM|x86.Build.0 = Release|Any CPU
		{97696946-CFED-49DB-AB8D-53431E48E3DA}.TRANSF-UAT-CD01|Any CPU.ActiveCfg = Release|Any CPU
		{97696946-CFED-49DB-AB8D-53431E48E3DA}.TRANSF-UAT-CD01|Any CPU.Build.0 = Release|Any CPU
		{97696946-CFED-49DB-AB8D-53431E48E3DA}.TRANSF-UAT-CD01|x64.ActiveCfg = Release|Any CPU
		{97696946-CFED-49DB-AB8D-53431E48E3DA}.TRANSF-UAT-CD01|x64.Build.0 = Release|Any CPU
		{97696946-CFED-49DB-AB8D-53431E48E3DA}.TRANSF-UAT-CD01|x86.ActiveCfg = Release|Any CPU
		{97696946-CFED-49DB-AB8D-53431E48E3DA}.TRANSF-UAT-CD01|x86.Build.0 = Release|Any CPU
		{97696946-CFED-49DB-AB8D-53431E48E3DA}.TRANSF-UAT-CD02|Any CPU.ActiveCfg = Release|Any CPU
		{97696946-CFED-49DB-AB8D-53431E48E3DA}.TRANSF-UAT-CD02|Any CPU.Build.0 = Release|Any CPU
		{97696946-CFED-49DB-AB8D-53431E48E3DA}.TRANSF-UAT-CD02|x64.ActiveCfg = Release|Any CPU
		{97696946-CFED-49DB-AB8D-53431E48E3DA}.TRANSF-UAT-CD02|x64.Build.0 = Release|Any CPU
		{97696946-CFED-49DB-AB8D-53431E48E3DA}.TRANSF-UAT-CD02|x86.ActiveCfg = Release|Any CPU
		{97696946-CFED-49DB-AB8D-53431E48E3DA}.TRANSF-UAT-CD02|x86.Build.0 = Release|Any CPU
		{97696946-CFED-49DB-AB8D-53431E48E3DA}.TRANSF-UAT-CM|Any CPU.ActiveCfg = Release|Any CPU
		{97696946-CFED-49DB-AB8D-53431E48E3DA}.TRANSF-UAT-CM|Any CPU.Build.0 = Release|Any CPU
		{97696946-CFED-49DB-AB8D-53431E48E3DA}.TRANSF-UAT-CM|x64.ActiveCfg = Release|Any CPU
		{97696946-CFED-49DB-AB8D-53431E48E3DA}.TRANSF-UAT-CM|x64.Build.0 = Release|Any CPU
		{97696946-CFED-49DB-AB8D-53431E48E3DA}.TRANSF-UAT-CM|x86.ActiveCfg = Release|Any CPU
		{97696946-CFED-49DB-AB8D-53431E48E3DA}.TRANSF-UAT-CM|x86.Build.0 = Release|Any CPU
		{EDE20F9F-A0FE-421A-ACC1-56D5F6AB7F9B}.Debug|Any CPU.ActiveCfg = Debug|Any CPU
		{EDE20F9F-A0FE-421A-ACC1-56D5F6AB7F9B}.Debug|Any CPU.Build.0 = Debug|Any CPU
		{EDE20F9F-A0FE-421A-ACC1-56D5F6AB7F9B}.Debug|x64.ActiveCfg = Debug|Any CPU
		{EDE20F9F-A0FE-421A-ACC1-56D5F6AB7F9B}.Debug|x64.Build.0 = Debug|Any CPU
		{EDE20F9F-A0FE-421A-ACC1-56D5F6AB7F9B}.Debug|x86.ActiveCfg = Debug|Any CPU
		{EDE20F9F-A0FE-421A-ACC1-56D5F6AB7F9B}.Debug|x86.Build.0 = Debug|Any CPU
		{EDE20F9F-A0FE-421A-ACC1-56D5F6AB7F9B}.Release|Any CPU.ActiveCfg = Debug|Any CPU
		{EDE20F9F-A0FE-421A-ACC1-56D5F6AB7F9B}.Release|Any CPU.Build.0 = Debug|Any CPU
		{EDE20F9F-A0FE-421A-ACC1-56D5F6AB7F9B}.Release|x64.ActiveCfg = Debug|Any CPU
		{EDE20F9F-A0FE-421A-ACC1-56D5F6AB7F9B}.Release|x64.Build.0 = Debug|Any CPU
		{EDE20F9F-A0FE-421A-ACC1-56D5F6AB7F9B}.Release|x86.ActiveCfg = Debug|Any CPU
		{EDE20F9F-A0FE-421A-ACC1-56D5F6AB7F9B}.Release|x86.Build.0 = Debug|Any CPU
		{EDE20F9F-A0FE-421A-ACC1-56D5F6AB7F9B}.TRANSF-INT-CM|Any CPU.ActiveCfg = Debug|Any CPU
		{EDE20F9F-A0FE-421A-ACC1-56D5F6AB7F9B}.TRANSF-INT-CM|Any CPU.Build.0 = Debug|Any CPU
		{EDE20F9F-A0FE-421A-ACC1-56D5F6AB7F9B}.TRANSF-INT-CM|x64.ActiveCfg = Debug|Any CPU
		{EDE20F9F-A0FE-421A-ACC1-56D5F6AB7F9B}.TRANSF-INT-CM|x64.Build.0 = Debug|Any CPU
		{EDE20F9F-A0FE-421A-ACC1-56D5F6AB7F9B}.TRANSF-INT-CM|x86.ActiveCfg = Debug|Any CPU
		{EDE20F9F-A0FE-421A-ACC1-56D5F6AB7F9B}.TRANSF-INT-CM|x86.Build.0 = Debug|Any CPU
		{EDE20F9F-A0FE-421A-ACC1-56D5F6AB7F9B}.TRANSF-PRD-CD01|Any CPU.ActiveCfg = Debug|Any CPU
		{EDE20F9F-A0FE-421A-ACC1-56D5F6AB7F9B}.TRANSF-PRD-CD01|Any CPU.Build.0 = Debug|Any CPU
		{EDE20F9F-A0FE-421A-ACC1-56D5F6AB7F9B}.TRANSF-PRD-CD01|x64.ActiveCfg = Debug|Any CPU
		{EDE20F9F-A0FE-421A-ACC1-56D5F6AB7F9B}.TRANSF-PRD-CD01|x64.Build.0 = Debug|Any CPU
		{EDE20F9F-A0FE-421A-ACC1-56D5F6AB7F9B}.TRANSF-PRD-CD01|x86.ActiveCfg = Debug|Any CPU
		{EDE20F9F-A0FE-421A-ACC1-56D5F6AB7F9B}.TRANSF-PRD-CD01|x86.Build.0 = Debug|Any CPU
		{EDE20F9F-A0FE-421A-ACC1-56D5F6AB7F9B}.TRANSF-PRD-CD02|Any CPU.ActiveCfg = Debug|Any CPU
		{EDE20F9F-A0FE-421A-ACC1-56D5F6AB7F9B}.TRANSF-PRD-CD02|Any CPU.Build.0 = Debug|Any CPU
		{EDE20F9F-A0FE-421A-ACC1-56D5F6AB7F9B}.TRANSF-PRD-CD02|x64.ActiveCfg = Debug|Any CPU
		{EDE20F9F-A0FE-421A-ACC1-56D5F6AB7F9B}.TRANSF-PRD-CD02|x64.Build.0 = Debug|Any CPU
		{EDE20F9F-A0FE-421A-ACC1-56D5F6AB7F9B}.TRANSF-PRD-CD02|x86.ActiveCfg = Debug|Any CPU
		{EDE20F9F-A0FE-421A-ACC1-56D5F6AB7F9B}.TRANSF-PRD-CD02|x86.Build.0 = Debug|Any CPU
		{EDE20F9F-A0FE-421A-ACC1-56D5F6AB7F9B}.TRANSF-PRD-CM|Any CPU.ActiveCfg = Debug|Any CPU
		{EDE20F9F-A0FE-421A-ACC1-56D5F6AB7F9B}.TRANSF-PRD-CM|Any CPU.Build.0 = Debug|Any CPU
		{EDE20F9F-A0FE-421A-ACC1-56D5F6AB7F9B}.TRANSF-PRD-CM|x64.ActiveCfg = Debug|Any CPU
		{EDE20F9F-A0FE-421A-ACC1-56D5F6AB7F9B}.TRANSF-PRD-CM|x64.Build.0 = Debug|Any CPU
		{EDE20F9F-A0FE-421A-ACC1-56D5F6AB7F9B}.TRANSF-PRD-CM|x86.ActiveCfg = Debug|Any CPU
		{EDE20F9F-A0FE-421A-ACC1-56D5F6AB7F9B}.TRANSF-PRD-CM|x86.Build.0 = Debug|Any CPU
		{EDE20F9F-A0FE-421A-ACC1-56D5F6AB7F9B}.TRANSF-QA-CM|Any CPU.ActiveCfg = Debug|Any CPU
		{EDE20F9F-A0FE-421A-ACC1-56D5F6AB7F9B}.TRANSF-QA-CM|Any CPU.Build.0 = Debug|Any CPU
		{EDE20F9F-A0FE-421A-ACC1-56D5F6AB7F9B}.TRANSF-QA-CM|x64.ActiveCfg = Debug|Any CPU
		{EDE20F9F-A0FE-421A-ACC1-56D5F6AB7F9B}.TRANSF-QA-CM|x64.Build.0 = Debug|Any CPU
		{EDE20F9F-A0FE-421A-ACC1-56D5F6AB7F9B}.TRANSF-QA-CM|x86.ActiveCfg = Debug|Any CPU
		{EDE20F9F-A0FE-421A-ACC1-56D5F6AB7F9B}.TRANSF-QA-CM|x86.Build.0 = Debug|Any CPU
		{EDE20F9F-A0FE-421A-ACC1-56D5F6AB7F9B}.TRANSF-UAT-CD01|Any CPU.ActiveCfg = Debug|Any CPU
		{EDE20F9F-A0FE-421A-ACC1-56D5F6AB7F9B}.TRANSF-UAT-CD01|Any CPU.Build.0 = Debug|Any CPU
		{EDE20F9F-A0FE-421A-ACC1-56D5F6AB7F9B}.TRANSF-UAT-CD01|x64.ActiveCfg = Debug|Any CPU
		{EDE20F9F-A0FE-421A-ACC1-56D5F6AB7F9B}.TRANSF-UAT-CD01|x64.Build.0 = Debug|Any CPU
		{EDE20F9F-A0FE-421A-ACC1-56D5F6AB7F9B}.TRANSF-UAT-CD01|x86.ActiveCfg = Debug|Any CPU
		{EDE20F9F-A0FE-421A-ACC1-56D5F6AB7F9B}.TRANSF-UAT-CD01|x86.Build.0 = Debug|Any CPU
		{EDE20F9F-A0FE-421A-ACC1-56D5F6AB7F9B}.TRANSF-UAT-CD02|Any CPU.ActiveCfg = Debug|Any CPU
		{EDE20F9F-A0FE-421A-ACC1-56D5F6AB7F9B}.TRANSF-UAT-CD02|Any CPU.Build.0 = Debug|Any CPU
		{EDE20F9F-A0FE-421A-ACC1-56D5F6AB7F9B}.TRANSF-UAT-CD02|x64.ActiveCfg = Debug|Any CPU
		{EDE20F9F-A0FE-421A-ACC1-56D5F6AB7F9B}.TRANSF-UAT-CD02|x64.Build.0 = Debug|Any CPU
		{EDE20F9F-A0FE-421A-ACC1-56D5F6AB7F9B}.TRANSF-UAT-CD02|x86.ActiveCfg = Debug|Any CPU
		{EDE20F9F-A0FE-421A-ACC1-56D5F6AB7F9B}.TRANSF-UAT-CD02|x86.Build.0 = Debug|Any CPU
		{EDE20F9F-A0FE-421A-ACC1-56D5F6AB7F9B}.TRANSF-UAT-CM|Any CPU.ActiveCfg = Debug|Any CPU
		{EDE20F9F-A0FE-421A-ACC1-56D5F6AB7F9B}.TRANSF-UAT-CM|Any CPU.Build.0 = Debug|Any CPU
		{EDE20F9F-A0FE-421A-ACC1-56D5F6AB7F9B}.TRANSF-UAT-CM|x64.ActiveCfg = Debug|Any CPU
		{EDE20F9F-A0FE-421A-ACC1-56D5F6AB7F9B}.TRANSF-UAT-CM|x64.Build.0 = Debug|Any CPU
		{EDE20F9F-A0FE-421A-ACC1-56D5F6AB7F9B}.TRANSF-UAT-CM|x86.ActiveCfg = Debug|Any CPU
		{EDE20F9F-A0FE-421A-ACC1-56D5F6AB7F9B}.TRANSF-UAT-CM|x86.Build.0 = Debug|Any CPU
		{13333C91-1466-49D5-93FA-B9052601A666}.Debug|Any CPU.ActiveCfg = Debug|Any CPU
		{13333C91-1466-49D5-93FA-B9052601A666}.Debug|Any CPU.Build.0 = Debug|Any CPU
		{13333C91-1466-49D5-93FA-B9052601A666}.Debug|x64.ActiveCfg = Debug|Any CPU
		{13333C91-1466-49D5-93FA-B9052601A666}.Debug|x64.Build.0 = Debug|Any CPU
		{13333C91-1466-49D5-93FA-B9052601A666}.Debug|x86.ActiveCfg = Debug|Any CPU
		{13333C91-1466-49D5-93FA-B9052601A666}.Debug|x86.Build.0 = Debug|Any CPU
		{13333C91-1466-49D5-93FA-B9052601A666}.Release|Any CPU.ActiveCfg = Debug|Any CPU
		{13333C91-1466-49D5-93FA-B9052601A666}.Release|Any CPU.Build.0 = Debug|Any CPU
		{13333C91-1466-49D5-93FA-B9052601A666}.Release|x64.ActiveCfg = Debug|Any CPU
		{13333C91-1466-49D5-93FA-B9052601A666}.Release|x64.Build.0 = Debug|Any CPU
		{13333C91-1466-49D5-93FA-B9052601A666}.Release|x86.ActiveCfg = Debug|Any CPU
		{13333C91-1466-49D5-93FA-B9052601A666}.Release|x86.Build.0 = Debug|Any CPU
		{13333C91-1466-49D5-93FA-B9052601A666}.TRANSF-INT-CM|Any CPU.ActiveCfg = Debug|Any CPU
		{13333C91-1466-49D5-93FA-B9052601A666}.TRANSF-INT-CM|Any CPU.Build.0 = Debug|Any CPU
		{13333C91-1466-49D5-93FA-B9052601A666}.TRANSF-INT-CM|x64.ActiveCfg = Debug|Any CPU
		{13333C91-1466-49D5-93FA-B9052601A666}.TRANSF-INT-CM|x64.Build.0 = Debug|Any CPU
		{13333C91-1466-49D5-93FA-B9052601A666}.TRANSF-INT-CM|x86.ActiveCfg = Debug|Any CPU
		{13333C91-1466-49D5-93FA-B9052601A666}.TRANSF-INT-CM|x86.Build.0 = Debug|Any CPU
		{13333C91-1466-49D5-93FA-B9052601A666}.TRANSF-PRD-CD01|Any CPU.ActiveCfg = Debug|Any CPU
		{13333C91-1466-49D5-93FA-B9052601A666}.TRANSF-PRD-CD01|Any CPU.Build.0 = Debug|Any CPU
		{13333C91-1466-49D5-93FA-B9052601A666}.TRANSF-PRD-CD01|x64.ActiveCfg = Debug|Any CPU
		{13333C91-1466-49D5-93FA-B9052601A666}.TRANSF-PRD-CD01|x64.Build.0 = Debug|Any CPU
		{13333C91-1466-49D5-93FA-B9052601A666}.TRANSF-PRD-CD01|x86.ActiveCfg = Debug|Any CPU
		{13333C91-1466-49D5-93FA-B9052601A666}.TRANSF-PRD-CD01|x86.Build.0 = Debug|Any CPU
		{13333C91-1466-49D5-93FA-B9052601A666}.TRANSF-PRD-CD02|Any CPU.ActiveCfg = Debug|Any CPU
		{13333C91-1466-49D5-93FA-B9052601A666}.TRANSF-PRD-CD02|Any CPU.Build.0 = Debug|Any CPU
		{13333C91-1466-49D5-93FA-B9052601A666}.TRANSF-PRD-CD02|x64.ActiveCfg = Debug|Any CPU
		{13333C91-1466-49D5-93FA-B9052601A666}.TRANSF-PRD-CD02|x64.Build.0 = Debug|Any CPU
		{13333C91-1466-49D5-93FA-B9052601A666}.TRANSF-PRD-CD02|x86.ActiveCfg = Debug|Any CPU
		{13333C91-1466-49D5-93FA-B9052601A666}.TRANSF-PRD-CD02|x86.Build.0 = Debug|Any CPU
		{13333C91-1466-49D5-93FA-B9052601A666}.TRANSF-PRD-CM|Any CPU.ActiveCfg = Debug|Any CPU
		{13333C91-1466-49D5-93FA-B9052601A666}.TRANSF-PRD-CM|Any CPU.Build.0 = Debug|Any CPU
		{13333C91-1466-49D5-93FA-B9052601A666}.TRANSF-PRD-CM|x64.ActiveCfg = Debug|Any CPU
		{13333C91-1466-49D5-93FA-B9052601A666}.TRANSF-PRD-CM|x64.Build.0 = Debug|Any CPU
		{13333C91-1466-49D5-93FA-B9052601A666}.TRANSF-PRD-CM|x86.ActiveCfg = Debug|Any CPU
		{13333C91-1466-49D5-93FA-B9052601A666}.TRANSF-PRD-CM|x86.Build.0 = Debug|Any CPU
		{13333C91-1466-49D5-93FA-B9052601A666}.TRANSF-QA-CM|Any CPU.ActiveCfg = Debug|Any CPU
		{13333C91-1466-49D5-93FA-B9052601A666}.TRANSF-QA-CM|Any CPU.Build.0 = Debug|Any CPU
		{13333C91-1466-49D5-93FA-B9052601A666}.TRANSF-QA-CM|x64.ActiveCfg = Debug|Any CPU
		{13333C91-1466-49D5-93FA-B9052601A666}.TRANSF-QA-CM|x64.Build.0 = Debug|Any CPU
		{13333C91-1466-49D5-93FA-B9052601A666}.TRANSF-QA-CM|x86.ActiveCfg = Debug|Any CPU
		{13333C91-1466-49D5-93FA-B9052601A666}.TRANSF-QA-CM|x86.Build.0 = Debug|Any CPU
		{13333C91-1466-49D5-93FA-B9052601A666}.TRANSF-UAT-CD01|Any CPU.ActiveCfg = Debug|Any CPU
		{13333C91-1466-49D5-93FA-B9052601A666}.TRANSF-UAT-CD01|Any CPU.Build.0 = Debug|Any CPU
		{13333C91-1466-49D5-93FA-B9052601A666}.TRANSF-UAT-CD01|x64.ActiveCfg = Debug|Any CPU
		{13333C91-1466-49D5-93FA-B9052601A666}.TRANSF-UAT-CD01|x64.Build.0 = Debug|Any CPU
		{13333C91-1466-49D5-93FA-B9052601A666}.TRANSF-UAT-CD01|x86.ActiveCfg = Debug|Any CPU
		{13333C91-1466-49D5-93FA-B9052601A666}.TRANSF-UAT-CD01|x86.Build.0 = Debug|Any CPU
		{13333C91-1466-49D5-93FA-B9052601A666}.TRANSF-UAT-CD02|Any CPU.ActiveCfg = Debug|Any CPU
		{13333C91-1466-49D5-93FA-B9052601A666}.TRANSF-UAT-CD02|Any CPU.Build.0 = Debug|Any CPU
		{13333C91-1466-49D5-93FA-B9052601A666}.TRANSF-UAT-CD02|x64.ActiveCfg = Debug|Any CPU
		{13333C91-1466-49D5-93FA-B9052601A666}.TRANSF-UAT-CD02|x64.Build.0 = Debug|Any CPU
		{13333C91-1466-49D5-93FA-B9052601A666}.TRANSF-UAT-CD02|x86.ActiveCfg = Debug|Any CPU
		{13333C91-1466-49D5-93FA-B9052601A666}.TRANSF-UAT-CD02|x86.Build.0 = Debug|Any CPU
		{13333C91-1466-49D5-93FA-B9052601A666}.TRANSF-UAT-CM|Any CPU.ActiveCfg = Debug|Any CPU
		{13333C91-1466-49D5-93FA-B9052601A666}.TRANSF-UAT-CM|Any CPU.Build.0 = Debug|Any CPU
		{13333C91-1466-49D5-93FA-B9052601A666}.TRANSF-UAT-CM|x64.ActiveCfg = Debug|Any CPU
		{13333C91-1466-49D5-93FA-B9052601A666}.TRANSF-UAT-CM|x64.Build.0 = Debug|Any CPU
		{13333C91-1466-49D5-93FA-B9052601A666}.TRANSF-UAT-CM|x86.ActiveCfg = Debug|Any CPU
		{13333C91-1466-49D5-93FA-B9052601A666}.TRANSF-UAT-CM|x86.Build.0 = Debug|Any CPU
		{9C12D851-6280-43CB-B89E-6011331BE9D4}.Debug|Any CPU.ActiveCfg = Debug|Any CPU
		{9C12D851-6280-43CB-B89E-6011331BE9D4}.Debug|Any CPU.Build.0 = Debug|Any CPU
		{9C12D851-6280-43CB-B89E-6011331BE9D4}.Debug|x64.ActiveCfg = Debug|Any CPU
		{9C12D851-6280-43CB-B89E-6011331BE9D4}.Debug|x64.Build.0 = Debug|Any CPU
		{9C12D851-6280-43CB-B89E-6011331BE9D4}.Debug|x86.ActiveCfg = Debug|Any CPU
		{9C12D851-6280-43CB-B89E-6011331BE9D4}.Debug|x86.Build.0 = Debug|Any CPU
		{9C12D851-6280-43CB-B89E-6011331BE9D4}.Release|Any CPU.ActiveCfg = Debug|Any CPU
		{9C12D851-6280-43CB-B89E-6011331BE9D4}.Release|Any CPU.Build.0 = Debug|Any CPU
		{9C12D851-6280-43CB-B89E-6011331BE9D4}.Release|x64.ActiveCfg = Debug|Any CPU
		{9C12D851-6280-43CB-B89E-6011331BE9D4}.Release|x64.Build.0 = Debug|Any CPU
		{9C12D851-6280-43CB-B89E-6011331BE9D4}.Release|x86.ActiveCfg = Debug|Any CPU
		{9C12D851-6280-43CB-B89E-6011331BE9D4}.Release|x86.Build.0 = Debug|Any CPU
		{9C12D851-6280-43CB-B89E-6011331BE9D4}.TRANSF-INT-CM|Any CPU.ActiveCfg = Debug|Any CPU
		{9C12D851-6280-43CB-B89E-6011331BE9D4}.TRANSF-INT-CM|Any CPU.Build.0 = Debug|Any CPU
		{9C12D851-6280-43CB-B89E-6011331BE9D4}.TRANSF-INT-CM|x64.ActiveCfg = Debug|Any CPU
		{9C12D851-6280-43CB-B89E-6011331BE9D4}.TRANSF-INT-CM|x64.Build.0 = Debug|Any CPU
		{9C12D851-6280-43CB-B89E-6011331BE9D4}.TRANSF-INT-CM|x86.ActiveCfg = Debug|Any CPU
		{9C12D851-6280-43CB-B89E-6011331BE9D4}.TRANSF-INT-CM|x86.Build.0 = Debug|Any CPU
		{9C12D851-6280-43CB-B89E-6011331BE9D4}.TRANSF-PRD-CD01|Any CPU.ActiveCfg = Debug|Any CPU
		{9C12D851-6280-43CB-B89E-6011331BE9D4}.TRANSF-PRD-CD01|Any CPU.Build.0 = Debug|Any CPU
		{9C12D851-6280-43CB-B89E-6011331BE9D4}.TRANSF-PRD-CD01|x64.ActiveCfg = Debug|Any CPU
		{9C12D851-6280-43CB-B89E-6011331BE9D4}.TRANSF-PRD-CD01|x64.Build.0 = Debug|Any CPU
		{9C12D851-6280-43CB-B89E-6011331BE9D4}.TRANSF-PRD-CD01|x86.ActiveCfg = Debug|Any CPU
		{9C12D851-6280-43CB-B89E-6011331BE9D4}.TRANSF-PRD-CD01|x86.Build.0 = Debug|Any CPU
		{9C12D851-6280-43CB-B89E-6011331BE9D4}.TRANSF-PRD-CD02|Any CPU.ActiveCfg = Debug|Any CPU
		{9C12D851-6280-43CB-B89E-6011331BE9D4}.TRANSF-PRD-CD02|Any CPU.Build.0 = Debug|Any CPU
		{9C12D851-6280-43CB-B89E-6011331BE9D4}.TRANSF-PRD-CD02|x64.ActiveCfg = Debug|Any CPU
		{9C12D851-6280-43CB-B89E-6011331BE9D4}.TRANSF-PRD-CD02|x64.Build.0 = Debug|Any CPU
		{9C12D851-6280-43CB-B89E-6011331BE9D4}.TRANSF-PRD-CD02|x86.ActiveCfg = Debug|Any CPU
		{9C12D851-6280-43CB-B89E-6011331BE9D4}.TRANSF-PRD-CD02|x86.Build.0 = Debug|Any CPU
		{9C12D851-6280-43CB-B89E-6011331BE9D4}.TRANSF-PRD-CM|Any CPU.ActiveCfg = Debug|Any CPU
		{9C12D851-6280-43CB-B89E-6011331BE9D4}.TRANSF-PRD-CM|Any CPU.Build.0 = Debug|Any CPU
		{9C12D851-6280-43CB-B89E-6011331BE9D4}.TRANSF-PRD-CM|x64.ActiveCfg = Debug|Any CPU
		{9C12D851-6280-43CB-B89E-6011331BE9D4}.TRANSF-PRD-CM|x64.Build.0 = Debug|Any CPU
		{9C12D851-6280-43CB-B89E-6011331BE9D4}.TRANSF-PRD-CM|x86.ActiveCfg = Debug|Any CPU
		{9C12D851-6280-43CB-B89E-6011331BE9D4}.TRANSF-PRD-CM|x86.Build.0 = Debug|Any CPU
		{9C12D851-6280-43CB-B89E-6011331BE9D4}.TRANSF-QA-CM|Any CPU.ActiveCfg = Debug|Any CPU
		{9C12D851-6280-43CB-B89E-6011331BE9D4}.TRANSF-QA-CM|Any CPU.Build.0 = Debug|Any CPU
		{9C12D851-6280-43CB-B89E-6011331BE9D4}.TRANSF-QA-CM|x64.ActiveCfg = Debug|Any CPU
		{9C12D851-6280-43CB-B89E-6011331BE9D4}.TRANSF-QA-CM|x64.Build.0 = Debug|Any CPU
		{9C12D851-6280-43CB-B89E-6011331BE9D4}.TRANSF-QA-CM|x86.ActiveCfg = Debug|Any CPU
		{9C12D851-6280-43CB-B89E-6011331BE9D4}.TRANSF-QA-CM|x86.Build.0 = Debug|Any CPU
		{9C12D851-6280-43CB-B89E-6011331BE9D4}.TRANSF-UAT-CD01|Any CPU.ActiveCfg = Debug|Any CPU
		{9C12D851-6280-43CB-B89E-6011331BE9D4}.TRANSF-UAT-CD01|Any CPU.Build.0 = Debug|Any CPU
		{9C12D851-6280-43CB-B89E-6011331BE9D4}.TRANSF-UAT-CD01|x64.ActiveCfg = Debug|Any CPU
		{9C12D851-6280-43CB-B89E-6011331BE9D4}.TRANSF-UAT-CD01|x64.Build.0 = Debug|Any CPU
		{9C12D851-6280-43CB-B89E-6011331BE9D4}.TRANSF-UAT-CD01|x86.ActiveCfg = Debug|Any CPU
		{9C12D851-6280-43CB-B89E-6011331BE9D4}.TRANSF-UAT-CD01|x86.Build.0 = Debug|Any CPU
		{9C12D851-6280-43CB-B89E-6011331BE9D4}.TRANSF-UAT-CD02|Any CPU.ActiveCfg = Debug|Any CPU
		{9C12D851-6280-43CB-B89E-6011331BE9D4}.TRANSF-UAT-CD02|Any CPU.Build.0 = Debug|Any CPU
		{9C12D851-6280-43CB-B89E-6011331BE9D4}.TRANSF-UAT-CD02|x64.ActiveCfg = Debug|Any CPU
		{9C12D851-6280-43CB-B89E-6011331BE9D4}.TRANSF-UAT-CD02|x64.Build.0 = Debug|Any CPU
		{9C12D851-6280-43CB-B89E-6011331BE9D4}.TRANSF-UAT-CD02|x86.ActiveCfg = Debug|Any CPU
		{9C12D851-6280-43CB-B89E-6011331BE9D4}.TRANSF-UAT-CD02|x86.Build.0 = Debug|Any CPU
		{9C12D851-6280-43CB-B89E-6011331BE9D4}.TRANSF-UAT-CM|Any CPU.ActiveCfg = Debug|Any CPU
		{9C12D851-6280-43CB-B89E-6011331BE9D4}.TRANSF-UAT-CM|Any CPU.Build.0 = Debug|Any CPU
		{9C12D851-6280-43CB-B89E-6011331BE9D4}.TRANSF-UAT-CM|x64.ActiveCfg = Debug|Any CPU
		{9C12D851-6280-43CB-B89E-6011331BE9D4}.TRANSF-UAT-CM|x64.Build.0 = Debug|Any CPU
		{9C12D851-6280-43CB-B89E-6011331BE9D4}.TRANSF-UAT-CM|x86.ActiveCfg = Debug|Any CPU
		{9C12D851-6280-43CB-B89E-6011331BE9D4}.TRANSF-UAT-CM|x86.Build.0 = Debug|Any CPU
		{B18454BA-6631-4ED5-B9ED-1F03C28698DF}.Debug|Any CPU.ActiveCfg = Debug|Any CPU
		{B18454BA-6631-4ED5-B9ED-1F03C28698DF}.Debug|Any CPU.Build.0 = Debug|Any CPU
		{B18454BA-6631-4ED5-B9ED-1F03C28698DF}.Debug|x64.ActiveCfg = Debug|Any CPU
		{B18454BA-6631-4ED5-B9ED-1F03C28698DF}.Debug|x64.Build.0 = Debug|Any CPU
		{B18454BA-6631-4ED5-B9ED-1F03C28698DF}.Debug|x86.ActiveCfg = Debug|Any CPU
		{B18454BA-6631-4ED5-B9ED-1F03C28698DF}.Debug|x86.Build.0 = Debug|Any CPU
		{B18454BA-6631-4ED5-B9ED-1F03C28698DF}.Release|Any CPU.ActiveCfg = Debug|Any CPU
		{B18454BA-6631-4ED5-B9ED-1F03C28698DF}.Release|Any CPU.Build.0 = Debug|Any CPU
		{B18454BA-6631-4ED5-B9ED-1F03C28698DF}.Release|x64.ActiveCfg = Debug|Any CPU
		{B18454BA-6631-4ED5-B9ED-1F03C28698DF}.Release|x64.Build.0 = Debug|Any CPU
		{B18454BA-6631-4ED5-B9ED-1F03C28698DF}.Release|x86.ActiveCfg = Debug|Any CPU
		{B18454BA-6631-4ED5-B9ED-1F03C28698DF}.Release|x86.Build.0 = Debug|Any CPU
		{B18454BA-6631-4ED5-B9ED-1F03C28698DF}.TRANSF-INT-CM|Any CPU.ActiveCfg = Debug|Any CPU
		{B18454BA-6631-4ED5-B9ED-1F03C28698DF}.TRANSF-INT-CM|Any CPU.Build.0 = Debug|Any CPU
		{B18454BA-6631-4ED5-B9ED-1F03C28698DF}.TRANSF-INT-CM|x64.ActiveCfg = Debug|Any CPU
		{B18454BA-6631-4ED5-B9ED-1F03C28698DF}.TRANSF-INT-CM|x64.Build.0 = Debug|Any CPU
		{B18454BA-6631-4ED5-B9ED-1F03C28698DF}.TRANSF-INT-CM|x86.ActiveCfg = Debug|Any CPU
		{B18454BA-6631-4ED5-B9ED-1F03C28698DF}.TRANSF-INT-CM|x86.Build.0 = Debug|Any CPU
		{B18454BA-6631-4ED5-B9ED-1F03C28698DF}.TRANSF-PRD-CD01|Any CPU.ActiveCfg = Debug|Any CPU
		{B18454BA-6631-4ED5-B9ED-1F03C28698DF}.TRANSF-PRD-CD01|Any CPU.Build.0 = Debug|Any CPU
		{B18454BA-6631-4ED5-B9ED-1F03C28698DF}.TRANSF-PRD-CD01|x64.ActiveCfg = Debug|Any CPU
		{B18454BA-6631-4ED5-B9ED-1F03C28698DF}.TRANSF-PRD-CD01|x64.Build.0 = Debug|Any CPU
		{B18454BA-6631-4ED5-B9ED-1F03C28698DF}.TRANSF-PRD-CD01|x86.ActiveCfg = Debug|Any CPU
		{B18454BA-6631-4ED5-B9ED-1F03C28698DF}.TRANSF-PRD-CD01|x86.Build.0 = Debug|Any CPU
		{B18454BA-6631-4ED5-B9ED-1F03C28698DF}.TRANSF-PRD-CD02|Any CPU.ActiveCfg = Debug|Any CPU
		{B18454BA-6631-4ED5-B9ED-1F03C28698DF}.TRANSF-PRD-CD02|Any CPU.Build.0 = Debug|Any CPU
		{B18454BA-6631-4ED5-B9ED-1F03C28698DF}.TRANSF-PRD-CD02|x64.ActiveCfg = Debug|Any CPU
		{B18454BA-6631-4ED5-B9ED-1F03C28698DF}.TRANSF-PRD-CD02|x64.Build.0 = Debug|Any CPU
		{B18454BA-6631-4ED5-B9ED-1F03C28698DF}.TRANSF-PRD-CD02|x86.ActiveCfg = Debug|Any CPU
		{B18454BA-6631-4ED5-B9ED-1F03C28698DF}.TRANSF-PRD-CD02|x86.Build.0 = Debug|Any CPU
		{B18454BA-6631-4ED5-B9ED-1F03C28698DF}.TRANSF-PRD-CM|Any CPU.ActiveCfg = Debug|Any CPU
		{B18454BA-6631-4ED5-B9ED-1F03C28698DF}.TRANSF-PRD-CM|Any CPU.Build.0 = Debug|Any CPU
		{B18454BA-6631-4ED5-B9ED-1F03C28698DF}.TRANSF-PRD-CM|x64.ActiveCfg = Debug|Any CPU
		{B18454BA-6631-4ED5-B9ED-1F03C28698DF}.TRANSF-PRD-CM|x64.Build.0 = Debug|Any CPU
		{B18454BA-6631-4ED5-B9ED-1F03C28698DF}.TRANSF-PRD-CM|x86.ActiveCfg = Debug|Any CPU
		{B18454BA-6631-4ED5-B9ED-1F03C28698DF}.TRANSF-PRD-CM|x86.Build.0 = Debug|Any CPU
		{B18454BA-6631-4ED5-B9ED-1F03C28698DF}.TRANSF-QA-CM|Any CPU.ActiveCfg = Debug|Any CPU
		{B18454BA-6631-4ED5-B9ED-1F03C28698DF}.TRANSF-QA-CM|Any CPU.Build.0 = Debug|Any CPU
		{B18454BA-6631-4ED5-B9ED-1F03C28698DF}.TRANSF-QA-CM|x64.ActiveCfg = Debug|Any CPU
		{B18454BA-6631-4ED5-B9ED-1F03C28698DF}.TRANSF-QA-CM|x64.Build.0 = Debug|Any CPU
		{B18454BA-6631-4ED5-B9ED-1F03C28698DF}.TRANSF-QA-CM|x86.ActiveCfg = Debug|Any CPU
		{B18454BA-6631-4ED5-B9ED-1F03C28698DF}.TRANSF-QA-CM|x86.Build.0 = Debug|Any CPU
		{B18454BA-6631-4ED5-B9ED-1F03C28698DF}.TRANSF-UAT-CD01|Any CPU.ActiveCfg = Debug|Any CPU
		{B18454BA-6631-4ED5-B9ED-1F03C28698DF}.TRANSF-UAT-CD01|Any CPU.Build.0 = Debug|Any CPU
		{B18454BA-6631-4ED5-B9ED-1F03C28698DF}.TRANSF-UAT-CD01|x64.ActiveCfg = Debug|Any CPU
		{B18454BA-6631-4ED5-B9ED-1F03C28698DF}.TRANSF-UAT-CD01|x64.Build.0 = Debug|Any CPU
		{B18454BA-6631-4ED5-B9ED-1F03C28698DF}.TRANSF-UAT-CD01|x86.ActiveCfg = Debug|Any CPU
		{B18454BA-6631-4ED5-B9ED-1F03C28698DF}.TRANSF-UAT-CD01|x86.Build.0 = Debug|Any CPU
		{B18454BA-6631-4ED5-B9ED-1F03C28698DF}.TRANSF-UAT-CD02|Any CPU.ActiveCfg = Debug|Any CPU
		{B18454BA-6631-4ED5-B9ED-1F03C28698DF}.TRANSF-UAT-CD02|Any CPU.Build.0 = Debug|Any CPU
		{B18454BA-6631-4ED5-B9ED-1F03C28698DF}.TRANSF-UAT-CD02|x64.ActiveCfg = Debug|Any CPU
		{B18454BA-6631-4ED5-B9ED-1F03C28698DF}.TRANSF-UAT-CD02|x64.Build.0 = Debug|Any CPU
		{B18454BA-6631-4ED5-B9ED-1F03C28698DF}.TRANSF-UAT-CD02|x86.ActiveCfg = Debug|Any CPU
		{B18454BA-6631-4ED5-B9ED-1F03C28698DF}.TRANSF-UAT-CD02|x86.Build.0 = Debug|Any CPU
		{B18454BA-6631-4ED5-B9ED-1F03C28698DF}.TRANSF-UAT-CM|Any CPU.ActiveCfg = Debug|Any CPU
		{B18454BA-6631-4ED5-B9ED-1F03C28698DF}.TRANSF-UAT-CM|Any CPU.Build.0 = Debug|Any CPU
		{B18454BA-6631-4ED5-B9ED-1F03C28698DF}.TRANSF-UAT-CM|x64.ActiveCfg = Debug|Any CPU
		{B18454BA-6631-4ED5-B9ED-1F03C28698DF}.TRANSF-UAT-CM|x64.Build.0 = Debug|Any CPU
		{B18454BA-6631-4ED5-B9ED-1F03C28698DF}.TRANSF-UAT-CM|x86.ActiveCfg = Debug|Any CPU
		{B18454BA-6631-4ED5-B9ED-1F03C28698DF}.TRANSF-UAT-CM|x86.Build.0 = Debug|Any CPU
	EndGlobalSection
	GlobalSection(SolutionProperties) = preSolution
		HideSolutionNode = FALSE
	EndGlobalSection
	GlobalSection(NestedProjects) = preSolution
		{C0C034D6-F4AA-4E5E-9D78-82AFAC72D1B3} = {0C569F2D-6FC4-4687-BA17-6A27CCF7248B}
		{C216F500-8532-40C3-944B-8D28A3C3C522} = {C0C034D6-F4AA-4E5E-9D78-82AFAC72D1B3}
		{01F09D3C-04A2-41D9-9C53-17C1DBF59111} = {C0C034D6-F4AA-4E5E-9D78-82AFAC72D1B3}
		{A469224F-1C4C-465C-AE6F-A26E25EA0760} = {BEC7CA3A-45A1-45F7-A2F8-0FE8474748A7}
		{65D9C542-790E-460A-BD87-286E26D7A1B8} = {0C569F2D-6FC4-4687-BA17-6A27CCF7248B}
		{C6ED0E8F-145B-42B4-8044-5C154EB01B55} = {65D9C542-790E-460A-BD87-286E26D7A1B8}
		{81FDCCBC-AAC1-495B-80EF-6895C0AF3609} = {65D9C542-790E-460A-BD87-286E26D7A1B8}
		{50C93150-8F2B-4A13-A854-A1F7336A9E6E} = {88A37618-099B-4E81-8F29-1C3FC8E712D0}
		{8C1C9C05-89EC-4D1C-8C14-C0D9E9FA92B3} = {50C93150-8F2B-4A13-A854-A1F7336A9E6E}
		{816E44E7-8623-4341-B6D2-B260FF95EE64} = {0C569F2D-6FC4-4687-BA17-6A27CCF7248B}
		{E245FE50-CEF6-40DD-88F6-32AD1F08B7FD} = {816E44E7-8623-4341-B6D2-B260FF95EE64}
		{9F75B570-DFC9-4632-AD84-9524DA746824} = {816E44E7-8623-4341-B6D2-B260FF95EE64}
		{97696946-CFED-49DB-AB8D-53431E48E3DA} = {50C93150-8F2B-4A13-A854-A1F7336A9E6E}
		{8396CB1F-4AF5-4B02-B55D-2F3FEEF1B899} = {88A37618-099B-4E81-8F29-1C3FC8E712D0}
		{EDE20F9F-A0FE-421A-ACC1-56D5F6AB7F9B} = {8396CB1F-4AF5-4B02-B55D-2F3FEEF1B899}
		{77DFF614-931A-4512-836E-67584DC09EE7} = {88A37618-099B-4E81-8F29-1C3FC8E712D0}
		{13333C91-1466-49D5-93FA-B9052601A666} = {77DFF614-931A-4512-836E-67584DC09EE7}
		{060D4771-7ECC-42C9-9840-6078015FB979} = {0C569F2D-6FC4-4687-BA17-6A27CCF7248B}
		{9C12D851-6280-43CB-B89E-6011331BE9D4} = {060D4771-7ECC-42C9-9840-6078015FB979}
		{B18454BA-6631-4ED5-B9ED-1F03C28698DF} = {060D4771-7ECC-42C9-9840-6078015FB979}
	EndGlobalSection
	GlobalSection(ExtensibilityGlobals) = postSolution
		EnterpriseLibraryConfigurationToolBinariesPathV6 = packages\EnterpriseLibrary.Common.6.0.1304.0\lib\NET45;packages\EnterpriseLibrary.TransientFaultHandling.6.0.1304.0\lib\portable-net45+win+wp8;packages\EnterpriseLibrary.TransientFaultHandling.Caching.6.0.1304.0\lib\NET45;packages\EnterpriseLibrary.TransientFaultHandling.Data.6.0.1304.1\lib\NET45;packages\EnterpriseLibrary.TransientFaultHandling.ServiceBus.6.0.1304.0\lib\NET45;packages\EnterpriseLibrary.TransientFaultHandling.WindowsAzure.Storage.6.0.1304.0\lib\NET45;packages\EnterpriseLibrary.TransientFaultHandling.Configuration.6.0.1304.0\lib\NET45
		SolutionGuid = {EF8F9774-5A99-4B48-A6DA-E20DEEC4790E}
	EndGlobalSection
EndGlobal
